
Microsoft Visual Studio Solution File, Format Version 12.00
# Visual Studio 15
VisualStudioVersion = 15.0.28307.757
MinimumVisualStudioVersion = 10.0.40219.1
Project("{8BC9CEB8-8B4A-11D0-8D11-00A0C91BC942}") = "00_Direct3DGameLib_0", "00_Direct3DGameLib_0\00_Direct3DGameLib_0.vcxproj", "{080D867D-4E8D-484E-9FB4-BDD5BF00E6DD}"
EndProject
Project("{2150E333-8FDC-42A3-9474-1A3956D46DE8}") = "Chap.00_Library", "Chap.00_Library", "{9A16CBC5-EE19-4387-9FFD-06C5B311846B}"
EndProject
Project("{2150E333-8FDC-42A3-9474-1A3956D46DE8}") = "Chap.01_Device", "Chap.01_Device", "{96F36F33-CE3E-411C-B1A8-16B582787A87}"
EndProject
Project("{8BC9CEB8-8B4A-11D0-8D11-00A0C91BC942}") = "01_LibraryTest", "01_LibraryTest\01_LibraryTest.vcxproj", "{45A1431D-C05E-4810-B1F8-A79B5D26A3D0}"
EndProject
Project("{2150E333-8FDC-42A3-9474-1A3956D46DE8}") = "Chap.02_Buffer", "Chap.02_Buffer", "{E748BD35-5E21-48EC-9EA8-A8C027019E84}"
EndProject
Project("{8BC9CEB8-8B4A-11D0-8D11-00A0C91BC942}") = "02_IndexBuffer", "02_IndexBuffer\02_IndexBuffer.vcxproj", "{85E42D55-55BC-4664-BCE9-0E0EA00063B9}"
EndProject
Project("{8BC9CEB8-8B4A-11D0-8D11-00A0C91BC942}") = "03_ConstantBuffer", "03_ConstantBuffer\03_ConstantBuffer.vcxproj", "{EDB6D879-4CD8-4F80-9578-5823AA01A056}"
EndProject
Project("{8BC9CEB8-8B4A-11D0-8D11-00A0C91BC942}") = "04_AlphaBlend", "04_AlphaBlend\04_AlphaBlend.vcxproj", "{904CAC31-ACF5-4842-9E57-6E7782B25CDD}"
EndProject
Project("{2150E333-8FDC-42A3-9474-1A3956D46DE8}") = "Chap.03_Math", "Chap.03_Math", "{75942185-8344-4027-B685-8814758129CA}"
EndProject
Project("{8BC9CEB8-8B4A-11D0-8D11-00A0C91BC942}") = "05_Vector", "05_Vector\05_Vector.vcxproj", "{DC6D71F7-5DBE-4742-91D8-715A37D6A989}"
EndProject
Project("{8BC9CEB8-8B4A-11D0-8D11-00A0C91BC942}") = "06_SDXObject", "06_SDXObject\06_SDXObject.vcxproj", "{A59C8C54-148B-4152-91C5-6AD202EBD117}"
EndProject
Project("{2150E333-8FDC-42A3-9474-1A3956D46DE8}") = "Chap.04_Object", "Chap.04_Object", "{5E4B6E85-2C24-4779-B43D-177F6E07D381}"
EndProject
Project("{8BC9CEB8-8B4A-11D0-8D11-00A0C91BC942}") = "07_PlaneObject", "07_PlaneObject\07_PlaneObject.vcxproj", "{72D5B314-56DF-4478-B0C4-BCF3867E675E}"
EndProject
Project("{8BC9CEB8-8B4A-11D0-8D11-00A0C91BC942}") = "08_Camera", "08_Camera\08_Camera.vcxproj", "{50E048F6-C1B2-4E92-BD3C-86CB7D68AAA2}"
EndProject
Project("{8BC9CEB8-8B4A-11D0-8D11-00A0C91BC942}") = "09_Shape", "09_Shape\09_Shape.vcxproj", "{1DA85525-FCF0-4C8A-B199-2549DF8C842D}"
EndProject
Project("{8BC9CEB8-8B4A-11D0-8D11-00A0C91BC942}") = "10_Camera_2", "10_Map\10_Map.vcxproj", "{348E26D6-ADD2-4039-BE0B-41070B96B22C}"
EndProject
Project("{2150E333-8FDC-42A3-9474-1A3956D46DE8}") = "Chap.05_Camera", "Chap.05_Camera", "{78F4BE72-C6A9-4A24-970C-B7EA26ED247C}"
EndProject
Project("{8BC9CEB8-8B4A-11D0-8D11-00A0C91BC942}") = "11_Camera_3", "11_Camera_3\11_Camera_3.vcxproj", "{880AFEFE-9848-4AF4-85E2-40F90CCAF0C3}"
EndProject
Project("{8BC9CEB8-8B4A-11D0-8D11-00A0C91BC942}") = "12_Camera_4", "12_Camera_4\12_Camera_4.vcxproj", "{DF81FDA5-B289-4785-B7D1-6953B9CFDC8C}"
EndProject
Project("{8BC9CEB8-8B4A-11D0-8D11-00A0C91BC942}") = "13_Camera_5", "13_Camera_5\13_Camera_5.vcxproj", "{22C721A3-CB21-4452-B95C-66F87E94BDA9}"
EndProject
Project("{8BC9CEB8-8B4A-11D0-8D11-00A0C91BC942}") = "14_CreateFrustum", "14_CreateFrustum\14_CreateFrustum.vcxproj", "{E6C4E9DF-2C1B-4646-A901-208D6F0D7C4E}"
EndProject
Project("{2150E333-8FDC-42A3-9474-1A3956D46DE8}") = "Chap.06_Map", "Chap.06_Map", "{F1A014BC-BE55-4607-82B6-0EF81997B0BA}"
EndProject
Project("{8BC9CEB8-8B4A-11D0-8D11-00A0C91BC942}") = "15_CustomizeMap", "15_CustomizeMap\15_CustomizeMap.vcxproj", "{74218413-DA8C-418E-A244-C1B1F1ED71F7}"
EndProject
Project("{8BC9CEB8-8B4A-11D0-8D11-00A0C91BC942}") = "16_HeightMap", "16_HeightMap\16_HeightMap.vcxproj", "{666D6BA3-0383-41C2-9A65-DB849D558BFA}"
EndProject
Project("{2150E333-8FDC-42A3-9474-1A3956D46DE8}") = "Chap.07_Light", "Chap.07_Light", "{06A9AA0B-40E6-4076-B65A-A89278D01E42}"
EndProject
Project("{8BC9CEB8-8B4A-11D0-8D11-00A0C91BC942}") = "17_DiffuseLight", "17_DiffuseLight\17_DiffuseLight.vcxproj", "{C44D566F-9B31-44B8-9377-0C10B6A4C22C}"
EndProject
Project("{8BC9CEB8-8B4A-11D0-8D11-00A0C91BC942}") = "18_SpecularLight", "18_SpecularLight\18_SpecularLight.vcxproj", "{4A7C3955-4F1B-4125-B1FF-AB8FA0B6A18D}"
EndProject
Project("{8BC9CEB8-8B4A-11D0-8D11-00A0C91BC942}") = "19_PointLight", "19_PointLight\19_PointLight.vcxproj", "{9B1A43F2-2312-42EF-8E51-0584283F2C7C}"
EndProject
Project("{8BC9CEB8-8B4A-11D0-8D11-00A0C91BC942}") = "20_SpotLight", "20_SpotLight\20_SpotLight.vcxproj", "{9889096F-335F-4F2D-89C9-BCE44449EF73}"
EndProject
Project("{2150E333-8FDC-42A3-9474-1A3956D46DE8}") = "Chap.08_Mapping", "Chap.08_Mapping", "{FE092A9A-2168-4FBA-96C2-5DC6CDEB26B7}"
EndProject
Project("{8BC9CEB8-8B4A-11D0-8D11-00A0C91BC942}") = "21_NormalMapping", "21_NormalMapping\21_NormalMapping.vcxproj", "{9C4319A6-7A90-47AB-ACCA-600DCAF9EB24}"
EndProject
Project("{2150E333-8FDC-42A3-9474-1A3956D46DE8}") = "Chap.09_MaxSDK", "Chap.09_MaxSDK", "{69686196-C18C-49E9-91A9-0D391888D7D5}"
EndProject
Project("{8BC9CEB8-8B4A-11D0-8D11-00A0C91BC942}") = "22_SSSExport", "22_SSSExport\22_SSSExport.vcxproj", "{3A3F67C3-0870-4590-8F88-4B632A9049D9}"
EndProject
Project("{8BC9CEB8-8B4A-11D0-8D11-00A0C91BC942}") = "23_SSSExport_1", "23_SSSExport_1\23_SSSExport_1.vcxproj", "{753CCB8D-BB97-4F96-8A6F-81F620BD84CE}"
EndProject
Project("{8BC9CEB8-8B4A-11D0-8D11-00A0C91BC942}") = "23_SSSExport_Test_1", "23_SSSExport_Test_1\23_SSSExport_Test_1.vcxproj", "{7F9B1CE4-9F70-4D40-B729-C033F6ABA7D1}"
EndProject
Project("{8BC9CEB8-8B4A-11D0-8D11-00A0C91BC942}") = "24_SSSExport_2", "24_SSSExport_2\24_SSSExport_2.vcxproj", "{986DB22A-53C9-4D49-9FCD-965B64482C4F}"
EndProject
Project("{8BC9CEB8-8B4A-11D0-8D11-00A0C91BC942}") = "24_SSSExport_Test_2", "24_SSSExport_Test_2\24_SSSExport_Test_2.vcxproj", "{1A09796D-133A-4711-BCDF-437949339CC8}"
EndProject
Project("{8BC9CEB8-8B4A-11D0-8D11-00A0C91BC942}") = "25_SSSExport_3", "25_SSSExport_3\25_SSSExport_3.vcxproj", "{160F2B76-C3D7-482F-B31B-CACD23C7C31B}"
EndProject
Project("{8BC9CEB8-8B4A-11D0-8D11-00A0C91BC942}") = "25_SSSExport_Test_3", "25_SSSExport_Test_3\25_SSSExport_Test_3.vcxproj", "{08E6CD6C-5424-460F-ADE4-00BA08BDDC5E}"
EndProject
Project("{8BC9CEB8-8B4A-11D0-8D11-00A0C91BC942}") = "26_SSSExport_4", "26_SSSExport_4\26_SSSExport_4.vcxproj", "{D09AB0E4-D04F-4EC3-AF95-FE960874C3C4}"
EndProject
Project("{8BC9CEB8-8B4A-11D0-8D11-00A0C91BC942}") = "26_SSSExport_Test_4", "26_SSSExport_Test_4\26_SSSExport_Test_4.vcxproj", "{ED4B608A-486E-42C7-8042-9E45A6AD1850}"
EndProject
Project("{8BC9CEB8-8B4A-11D0-8D11-00A0C91BC942}") = "27_SSSExportAnim_1", "27_SSSExportAnim_1\27_SSSExportAnim_1.vcxproj", "{EFFC1766-2F84-4F1F-906B-B0286CADB796}"
EndProject
Project("{8BC9CEB8-8B4A-11D0-8D11-00A0C91BC942}") = "27_SSSExportAnim_Test_1", "27_SSSExportAnim_Test_1\27_SSSExportAnim_Test_1.vcxproj", "{03B2AF36-721A-4D54-824E-9CBAC207346F}"
EndProject
Project("{8BC9CEB8-8B4A-11D0-8D11-00A0C91BC942}") = "28_SSSExportAnim_2", "28_SSSExportAnim_2\28_SSSExportAnim_2.vcxproj", "{FBAB157E-0EBC-43A4-B18D-5DB9A426C12C}"
EndProject
Project("{8BC9CEB8-8B4A-11D0-8D11-00A0C91BC942}") = "28_SSSExportAnim_Test_2", "28_SSSExportAnim_Test_2\28_SSSExportAnim_Test_2.vcxproj", "{1DC54DB5-0C0F-4F3B-808E-6DB1F2A2D8AE}"
EndProject
Project("{8BC9CEB8-8B4A-11D0-8D11-00A0C91BC942}") = "29_SSSExportAnim_Test3", "29_SSSExportAnim_Test_3\29_SSSExportAnim_Test3.vcxproj", "{EC4CF572-95EE-41C1-951E-EF8F7ED53EBF}"
EndProject
Project("{8BC9CEB8-8B4A-11D0-8D11-00A0C91BC942}") = "29_SSSExportAnim_3", "29_SSSExportAnim_3\29_SSSExportAnim_3.vcxproj", "{36FF681C-A84B-4AEC-9952-53765511D36C}"
EndProject
Project("{8BC9CEB8-8B4A-11D0-8D11-00A0C91BC942}") = "30_SSSExport_Skin_0", "30_SSSExport_Skin_0\30_SSSExport_Skin_0.vcxproj", "{6959E9F3-62C1-4572-A64E-8C83CEE0BD1B}"
EndProject
Project("{8BC9CEB8-8B4A-11D0-8D11-00A0C91BC942}") = "31_SSSExport_Skin_1", "31_SSSExport_Skin_1\31_SSSExport_Skin_1.vcxproj", "{C8D022E7-3CAA-45B0-89A8-7DDBBB631E3F}"
EndProject
Project("{8BC9CEB8-8B4A-11D0-8D11-00A0C91BC942}") = "32_SCAExport_0", "32_SCAExport_0\32_SCAExport_0.vcxproj", "{46F39D35-1C29-4A0B-99EE-2B42A9DF86A1}"
EndProject
Project("{8BC9CEB8-8B4A-11D0-8D11-00A0C91BC942}") = "32_SCAExporter_Test_0", "32_SCAExporter_Test_0\32_SCAExporter_Test_0.vcxproj", "{895CCD3D-0954-41AA-847A-5E70627255BF}"
EndProject
Project("{8BC9CEB8-8B4A-11D0-8D11-00A0C91BC942}") = "33_SCAExport_1", "33_SCAExport_1\33_SCAExport_1.vcxproj", "{1B4070FD-7018-4BFD-927A-804656008107}"
EndProject
Project("{8BC9CEB8-8B4A-11D0-8D11-00A0C91BC942}") = "33_SCAExport_Test_1", "33_SCAExport_Test_1\33_SCAExport_Test_1.vcxproj", "{8A33302F-3422-4574-9001-510E0F45ECC2}"
EndProject
Project("{2150E333-8FDC-42A3-9474-1A3956D46DE8}") = "Chap.10_SpaceDivision", "Chap.10_SpaceDivision", "{177D01A4-BFD9-4B4F-B67B-6C99BFE84FC5}"
EndProject
Project("{8BC9CEB8-8B4A-11D0-8D11-00A0C91BC942}") = "34_QuadTree_0", "34_QuadTree_0\34_QuadTree_0.vcxproj", "{B5A749D6-1B04-4FCD-BE75-8EF078F12C8D}"
EndProject
Project("{8BC9CEB8-8B4A-11D0-8D11-00A0C91BC942}") = "35_QuadTree_1", "35_QuadTree_1\35_QuadTree_1.vcxproj", "{D018CC34-568C-4CF6-80E9-8ACF1BA9A7F2}"
EndProject
Project("{8BC9CEB8-8B4A-11D0-8D11-00A0C91BC942}") = "35_QuadTree_1_SystemWindow", "35_QuadTree_1_SystemWindow\35_QuadTree_1_SystemWindow.vcxproj", "{DB98B8F3-C5F2-4758-9943-8D8B24703A34}"
EndProject
Project("{8BC9CEB8-8B4A-11D0-8D11-00A0C91BC942}") = "36_QuadTree_2", "36_QuadTree_2\36_QuadTree_2.vcxproj", "{D3B2DDA1-072C-49E3-B848-9A07C9130295}"
EndProject
Project("{2150E333-8FDC-42A3-9474-1A3956D46DE8}") = "Chap.etc", "Chap.etc", "{B94B99FB-6CAD-41C1-92F2-42F056072556}"
EndProject
Project("{8BC9CEB8-8B4A-11D0-8D11-00A0C91BC942}") = "Etc.01_GameTool", "Etc.01_GameTool\Etc.01_GameTool.vcxproj", "{4C2BA983-7C2A-4FFB-9554-9ACCF9049488}"
EndProject
Project("{8BC9CEB8-8B4A-11D0-8D11-00A0C91BC942}") = "Etc.02_GameTool_1", "Etc.02_GameTool_1\Etc.02_GameTool_1.vcxproj", "{CE2CAC24-6F6C-484F-A266-C35FA6A20038}"
EndProject
Project("{8BC9CEB8-8B4A-11D0-8D11-00A0C91BC942}") = "33_SCAExport_Test_2", "33_SCAExport_Test_2\33_SCAExport_Test_2.vcxproj", "{C056EB0B-CF51-4D66-805A-6385D84474B6}"
EndProject
Project("{2150E333-8FDC-42A3-9474-1A3956D46DE8}") = "Chap.11_MapTool", "Chap.11_MapTool", "{53D168C5-8905-4715-8207-B178E201DBC7}"
EndProject
Project("{8BC9CEB8-8B4A-11D0-8D11-00A0C91BC942}") = "37_MapTool_0", "37_MapTool_0\37_MapTool_0.vcxproj", "{67F05DA9-F79F-4BF5-9EF3-695CFCC36DBC}"
EndProject
Project("{8BC9CEB8-8B4A-11D0-8D11-00A0C91BC942}") = "33_SCAExporter_Test_3", "33_SCAExporter_Test_3\33_SCAExporter_Test_3.vcxproj", "{87E5E606-3FA3-496B-816D-E103D0A81DBC}"
EndProject
Project("{8BC9CEB8-8B4A-11D0-8D11-00A0C91BC942}") = "38_MapTool_1", "38_MapTool_1\38_MapTool_1.vcxproj", "{F0FFBF7C-6149-42C8-B389-ED3E7D9097BA}"
EndProject
Global
	GlobalSection(SolutionConfigurationPlatforms) = preSolution
		Debug|x64 = Debug|x64
		Debug|x86 = Debug|x86
		Release|x64 = Release|x64
		Release|x86 = Release|x86
	EndGlobalSection
	GlobalSection(ProjectConfigurationPlatforms) = postSolution
		{080D867D-4E8D-484E-9FB4-BDD5BF00E6DD}.Debug|x64.ActiveCfg = Debug|x64
		{080D867D-4E8D-484E-9FB4-BDD5BF00E6DD}.Debug|x64.Build.0 = Debug|x64
		{080D867D-4E8D-484E-9FB4-BDD5BF00E6DD}.Debug|x86.ActiveCfg = Debug|Win32
		{080D867D-4E8D-484E-9FB4-BDD5BF00E6DD}.Debug|x86.Build.0 = Debug|Win32
		{080D867D-4E8D-484E-9FB4-BDD5BF00E6DD}.Release|x64.ActiveCfg = Release|x64
		{080D867D-4E8D-484E-9FB4-BDD5BF00E6DD}.Release|x64.Build.0 = Release|x64
		{080D867D-4E8D-484E-9FB4-BDD5BF00E6DD}.Release|x86.ActiveCfg = Release|Win32
		{080D867D-4E8D-484E-9FB4-BDD5BF00E6DD}.Release|x86.Build.0 = Release|Win32
		{45A1431D-C05E-4810-B1F8-A79B5D26A3D0}.Debug|x64.ActiveCfg = Debug|x64
		{45A1431D-C05E-4810-B1F8-A79B5D26A3D0}.Debug|x64.Build.0 = Debug|x64
		{45A1431D-C05E-4810-B1F8-A79B5D26A3D0}.Debug|x86.ActiveCfg = Debug|Win32
		{45A1431D-C05E-4810-B1F8-A79B5D26A3D0}.Debug|x86.Build.0 = Debug|Win32
		{45A1431D-C05E-4810-B1F8-A79B5D26A3D0}.Release|x64.ActiveCfg = Release|x64
		{45A1431D-C05E-4810-B1F8-A79B5D26A3D0}.Release|x64.Build.0 = Release|x64
		{45A1431D-C05E-4810-B1F8-A79B5D26A3D0}.Release|x86.ActiveCfg = Release|Win32
		{45A1431D-C05E-4810-B1F8-A79B5D26A3D0}.Release|x86.Build.0 = Release|Win32
		{85E42D55-55BC-4664-BCE9-0E0EA00063B9}.Debug|x64.ActiveCfg = Debug|x64
		{85E42D55-55BC-4664-BCE9-0E0EA00063B9}.Debug|x64.Build.0 = Debug|x64
		{85E42D55-55BC-4664-BCE9-0E0EA00063B9}.Debug|x86.ActiveCfg = Debug|Win32
		{85E42D55-55BC-4664-BCE9-0E0EA00063B9}.Debug|x86.Build.0 = Debug|Win32
		{85E42D55-55BC-4664-BCE9-0E0EA00063B9}.Release|x64.ActiveCfg = Release|x64
		{85E42D55-55BC-4664-BCE9-0E0EA00063B9}.Release|x64.Build.0 = Release|x64
		{85E42D55-55BC-4664-BCE9-0E0EA00063B9}.Release|x86.ActiveCfg = Release|Win32
		{85E42D55-55BC-4664-BCE9-0E0EA00063B9}.Release|x86.Build.0 = Release|Win32
		{EDB6D879-4CD8-4F80-9578-5823AA01A056}.Debug|x64.ActiveCfg = Debug|x64
		{EDB6D879-4CD8-4F80-9578-5823AA01A056}.Debug|x64.Build.0 = Debug|x64
		{EDB6D879-4CD8-4F80-9578-5823AA01A056}.Debug|x86.ActiveCfg = Debug|Win32
		{EDB6D879-4CD8-4F80-9578-5823AA01A056}.Debug|x86.Build.0 = Debug|Win32
		{EDB6D879-4CD8-4F80-9578-5823AA01A056}.Release|x64.ActiveCfg = Release|x64
		{EDB6D879-4CD8-4F80-9578-5823AA01A056}.Release|x64.Build.0 = Release|x64
		{EDB6D879-4CD8-4F80-9578-5823AA01A056}.Release|x86.ActiveCfg = Release|Win32
		{EDB6D879-4CD8-4F80-9578-5823AA01A056}.Release|x86.Build.0 = Release|Win32
		{904CAC31-ACF5-4842-9E57-6E7782B25CDD}.Debug|x64.ActiveCfg = Debug|x64
		{904CAC31-ACF5-4842-9E57-6E7782B25CDD}.Debug|x64.Build.0 = Debug|x64
		{904CAC31-ACF5-4842-9E57-6E7782B25CDD}.Debug|x86.ActiveCfg = Debug|Win32
		{904CAC31-ACF5-4842-9E57-6E7782B25CDD}.Debug|x86.Build.0 = Debug|Win32
		{904CAC31-ACF5-4842-9E57-6E7782B25CDD}.Release|x64.ActiveCfg = Release|x64
		{904CAC31-ACF5-4842-9E57-6E7782B25CDD}.Release|x64.Build.0 = Release|x64
		{904CAC31-ACF5-4842-9E57-6E7782B25CDD}.Release|x86.ActiveCfg = Release|Win32
		{904CAC31-ACF5-4842-9E57-6E7782B25CDD}.Release|x86.Build.0 = Release|Win32
		{DC6D71F7-5DBE-4742-91D8-715A37D6A989}.Debug|x64.ActiveCfg = Debug|x64
		{DC6D71F7-5DBE-4742-91D8-715A37D6A989}.Debug|x64.Build.0 = Debug|x64
		{DC6D71F7-5DBE-4742-91D8-715A37D6A989}.Debug|x86.ActiveCfg = Debug|Win32
		{DC6D71F7-5DBE-4742-91D8-715A37D6A989}.Debug|x86.Build.0 = Debug|Win32
		{DC6D71F7-5DBE-4742-91D8-715A37D6A989}.Release|x64.ActiveCfg = Release|x64
		{DC6D71F7-5DBE-4742-91D8-715A37D6A989}.Release|x64.Build.0 = Release|x64
		{DC6D71F7-5DBE-4742-91D8-715A37D6A989}.Release|x86.ActiveCfg = Release|Win32
		{DC6D71F7-5DBE-4742-91D8-715A37D6A989}.Release|x86.Build.0 = Release|Win32
		{A59C8C54-148B-4152-91C5-6AD202EBD117}.Debug|x64.ActiveCfg = Debug|x64
		{A59C8C54-148B-4152-91C5-6AD202EBD117}.Debug|x64.Build.0 = Debug|x64
		{A59C8C54-148B-4152-91C5-6AD202EBD117}.Debug|x86.ActiveCfg = Debug|Win32
		{A59C8C54-148B-4152-91C5-6AD202EBD117}.Debug|x86.Build.0 = Debug|Win32
		{A59C8C54-148B-4152-91C5-6AD202EBD117}.Release|x64.ActiveCfg = Release|x64
		{A59C8C54-148B-4152-91C5-6AD202EBD117}.Release|x64.Build.0 = Release|x64
		{A59C8C54-148B-4152-91C5-6AD202EBD117}.Release|x86.ActiveCfg = Release|Win32
		{A59C8C54-148B-4152-91C5-6AD202EBD117}.Release|x86.Build.0 = Release|Win32
		{72D5B314-56DF-4478-B0C4-BCF3867E675E}.Debug|x64.ActiveCfg = Debug|x64
		{72D5B314-56DF-4478-B0C4-BCF3867E675E}.Debug|x64.Build.0 = Debug|x64
		{72D5B314-56DF-4478-B0C4-BCF3867E675E}.Debug|x86.ActiveCfg = Debug|Win32
		{72D5B314-56DF-4478-B0C4-BCF3867E675E}.Debug|x86.Build.0 = Debug|Win32
		{72D5B314-56DF-4478-B0C4-BCF3867E675E}.Release|x64.ActiveCfg = Release|x64
		{72D5B314-56DF-4478-B0C4-BCF3867E675E}.Release|x64.Build.0 = Release|x64
		{72D5B314-56DF-4478-B0C4-BCF3867E675E}.Release|x86.ActiveCfg = Release|Win32
		{72D5B314-56DF-4478-B0C4-BCF3867E675E}.Release|x86.Build.0 = Release|Win32
		{50E048F6-C1B2-4E92-BD3C-86CB7D68AAA2}.Debug|x64.ActiveCfg = Debug|x64
		{50E048F6-C1B2-4E92-BD3C-86CB7D68AAA2}.Debug|x64.Build.0 = Debug|x64
		{50E048F6-C1B2-4E92-BD3C-86CB7D68AAA2}.Debug|x86.ActiveCfg = Debug|Win32
		{50E048F6-C1B2-4E92-BD3C-86CB7D68AAA2}.Debug|x86.Build.0 = Debug|Win32
		{50E048F6-C1B2-4E92-BD3C-86CB7D68AAA2}.Release|x64.ActiveCfg = Release|x64
		{50E048F6-C1B2-4E92-BD3C-86CB7D68AAA2}.Release|x64.Build.0 = Release|x64
		{50E048F6-C1B2-4E92-BD3C-86CB7D68AAA2}.Release|x86.ActiveCfg = Release|Win32
		{50E048F6-C1B2-4E92-BD3C-86CB7D68AAA2}.Release|x86.Build.0 = Release|Win32
		{1DA85525-FCF0-4C8A-B199-2549DF8C842D}.Debug|x64.ActiveCfg = Debug|x64
		{1DA85525-FCF0-4C8A-B199-2549DF8C842D}.Debug|x64.Build.0 = Debug|x64
		{1DA85525-FCF0-4C8A-B199-2549DF8C842D}.Debug|x86.ActiveCfg = Debug|Win32
		{1DA85525-FCF0-4C8A-B199-2549DF8C842D}.Debug|x86.Build.0 = Debug|Win32
		{1DA85525-FCF0-4C8A-B199-2549DF8C842D}.Release|x64.ActiveCfg = Release|x64
		{1DA85525-FCF0-4C8A-B199-2549DF8C842D}.Release|x64.Build.0 = Release|x64
		{1DA85525-FCF0-4C8A-B199-2549DF8C842D}.Release|x86.ActiveCfg = Release|Win32
		{1DA85525-FCF0-4C8A-B199-2549DF8C842D}.Release|x86.Build.0 = Release|Win32
		{348E26D6-ADD2-4039-BE0B-41070B96B22C}.Debug|x64.ActiveCfg = Debug|x64
		{348E26D6-ADD2-4039-BE0B-41070B96B22C}.Debug|x64.Build.0 = Debug|x64
		{348E26D6-ADD2-4039-BE0B-41070B96B22C}.Debug|x86.ActiveCfg = Debug|Win32
		{348E26D6-ADD2-4039-BE0B-41070B96B22C}.Debug|x86.Build.0 = Debug|Win32
		{348E26D6-ADD2-4039-BE0B-41070B96B22C}.Release|x64.ActiveCfg = Release|x64
		{348E26D6-ADD2-4039-BE0B-41070B96B22C}.Release|x64.Build.0 = Release|x64
		{348E26D6-ADD2-4039-BE0B-41070B96B22C}.Release|x86.ActiveCfg = Release|Win32
		{348E26D6-ADD2-4039-BE0B-41070B96B22C}.Release|x86.Build.0 = Release|Win32
		{880AFEFE-9848-4AF4-85E2-40F90CCAF0C3}.Debug|x64.ActiveCfg = Debug|x64
		{880AFEFE-9848-4AF4-85E2-40F90CCAF0C3}.Debug|x64.Build.0 = Debug|x64
		{880AFEFE-9848-4AF4-85E2-40F90CCAF0C3}.Debug|x86.ActiveCfg = Debug|Win32
		{880AFEFE-9848-4AF4-85E2-40F90CCAF0C3}.Debug|x86.Build.0 = Debug|Win32
		{880AFEFE-9848-4AF4-85E2-40F90CCAF0C3}.Release|x64.ActiveCfg = Release|x64
		{880AFEFE-9848-4AF4-85E2-40F90CCAF0C3}.Release|x64.Build.0 = Release|x64
		{880AFEFE-9848-4AF4-85E2-40F90CCAF0C3}.Release|x86.ActiveCfg = Release|Win32
		{880AFEFE-9848-4AF4-85E2-40F90CCAF0C3}.Release|x86.Build.0 = Release|Win32
		{DF81FDA5-B289-4785-B7D1-6953B9CFDC8C}.Debug|x64.ActiveCfg = Debug|x64
		{DF81FDA5-B289-4785-B7D1-6953B9CFDC8C}.Debug|x64.Build.0 = Debug|x64
		{DF81FDA5-B289-4785-B7D1-6953B9CFDC8C}.Debug|x86.ActiveCfg = Debug|Win32
		{DF81FDA5-B289-4785-B7D1-6953B9CFDC8C}.Debug|x86.Build.0 = Debug|Win32
		{DF81FDA5-B289-4785-B7D1-6953B9CFDC8C}.Release|x64.ActiveCfg = Release|x64
		{DF81FDA5-B289-4785-B7D1-6953B9CFDC8C}.Release|x64.Build.0 = Release|x64
		{DF81FDA5-B289-4785-B7D1-6953B9CFDC8C}.Release|x86.ActiveCfg = Release|Win32
		{DF81FDA5-B289-4785-B7D1-6953B9CFDC8C}.Release|x86.Build.0 = Release|Win32
		{22C721A3-CB21-4452-B95C-66F87E94BDA9}.Debug|x64.ActiveCfg = Debug|x64
		{22C721A3-CB21-4452-B95C-66F87E94BDA9}.Debug|x64.Build.0 = Debug|x64
		{22C721A3-CB21-4452-B95C-66F87E94BDA9}.Debug|x86.ActiveCfg = Debug|Win32
		{22C721A3-CB21-4452-B95C-66F87E94BDA9}.Debug|x86.Build.0 = Debug|Win32
		{22C721A3-CB21-4452-B95C-66F87E94BDA9}.Release|x64.ActiveCfg = Release|x64
		{22C721A3-CB21-4452-B95C-66F87E94BDA9}.Release|x64.Build.0 = Release|x64
		{22C721A3-CB21-4452-B95C-66F87E94BDA9}.Release|x86.ActiveCfg = Release|Win32
		{22C721A3-CB21-4452-B95C-66F87E94BDA9}.Release|x86.Build.0 = Release|Win32
		{E6C4E9DF-2C1B-4646-A901-208D6F0D7C4E}.Debug|x64.ActiveCfg = Debug|x64
		{E6C4E9DF-2C1B-4646-A901-208D6F0D7C4E}.Debug|x64.Build.0 = Debug|x64
		{E6C4E9DF-2C1B-4646-A901-208D6F0D7C4E}.Debug|x86.ActiveCfg = Debug|Win32
		{E6C4E9DF-2C1B-4646-A901-208D6F0D7C4E}.Debug|x86.Build.0 = Debug|Win32
		{E6C4E9DF-2C1B-4646-A901-208D6F0D7C4E}.Release|x64.ActiveCfg = Release|x64
		{E6C4E9DF-2C1B-4646-A901-208D6F0D7C4E}.Release|x64.Build.0 = Release|x64
		{E6C4E9DF-2C1B-4646-A901-208D6F0D7C4E}.Release|x86.ActiveCfg = Release|Win32
		{E6C4E9DF-2C1B-4646-A901-208D6F0D7C4E}.Release|x86.Build.0 = Release|Win32
		{74218413-DA8C-418E-A244-C1B1F1ED71F7}.Debug|x64.ActiveCfg = Debug|x64
		{74218413-DA8C-418E-A244-C1B1F1ED71F7}.Debug|x64.Build.0 = Debug|x64
		{74218413-DA8C-418E-A244-C1B1F1ED71F7}.Debug|x86.ActiveCfg = Debug|Win32
		{74218413-DA8C-418E-A244-C1B1F1ED71F7}.Debug|x86.Build.0 = Debug|Win32
		{74218413-DA8C-418E-A244-C1B1F1ED71F7}.Release|x64.ActiveCfg = Release|x64
		{74218413-DA8C-418E-A244-C1B1F1ED71F7}.Release|x64.Build.0 = Release|x64
		{74218413-DA8C-418E-A244-C1B1F1ED71F7}.Release|x86.ActiveCfg = Release|Win32
		{74218413-DA8C-418E-A244-C1B1F1ED71F7}.Release|x86.Build.0 = Release|Win32
		{666D6BA3-0383-41C2-9A65-DB849D558BFA}.Debug|x64.ActiveCfg = Debug|x64
		{666D6BA3-0383-41C2-9A65-DB849D558BFA}.Debug|x64.Build.0 = Debug|x64
		{666D6BA3-0383-41C2-9A65-DB849D558BFA}.Debug|x86.ActiveCfg = Debug|Win32
		{666D6BA3-0383-41C2-9A65-DB849D558BFA}.Debug|x86.Build.0 = Debug|Win32
		{666D6BA3-0383-41C2-9A65-DB849D558BFA}.Release|x64.ActiveCfg = Release|x64
		{666D6BA3-0383-41C2-9A65-DB849D558BFA}.Release|x64.Build.0 = Release|x64
		{666D6BA3-0383-41C2-9A65-DB849D558BFA}.Release|x86.ActiveCfg = Release|Win32
		{666D6BA3-0383-41C2-9A65-DB849D558BFA}.Release|x86.Build.0 = Release|Win32
		{C44D566F-9B31-44B8-9377-0C10B6A4C22C}.Debug|x64.ActiveCfg = Debug|x64
		{C44D566F-9B31-44B8-9377-0C10B6A4C22C}.Debug|x64.Build.0 = Debug|x64
		{C44D566F-9B31-44B8-9377-0C10B6A4C22C}.Debug|x86.ActiveCfg = Debug|Win32
		{C44D566F-9B31-44B8-9377-0C10B6A4C22C}.Debug|x86.Build.0 = Debug|Win32
		{C44D566F-9B31-44B8-9377-0C10B6A4C22C}.Release|x64.ActiveCfg = Release|x64
		{C44D566F-9B31-44B8-9377-0C10B6A4C22C}.Release|x64.Build.0 = Release|x64
		{C44D566F-9B31-44B8-9377-0C10B6A4C22C}.Release|x86.ActiveCfg = Release|Win32
		{C44D566F-9B31-44B8-9377-0C10B6A4C22C}.Release|x86.Build.0 = Release|Win32
		{4A7C3955-4F1B-4125-B1FF-AB8FA0B6A18D}.Debug|x64.ActiveCfg = Debug|x64
		{4A7C3955-4F1B-4125-B1FF-AB8FA0B6A18D}.Debug|x64.Build.0 = Debug|x64
		{4A7C3955-4F1B-4125-B1FF-AB8FA0B6A18D}.Debug|x86.ActiveCfg = Debug|Win32
		{4A7C3955-4F1B-4125-B1FF-AB8FA0B6A18D}.Debug|x86.Build.0 = Debug|Win32
		{4A7C3955-4F1B-4125-B1FF-AB8FA0B6A18D}.Release|x64.ActiveCfg = Release|x64
		{4A7C3955-4F1B-4125-B1FF-AB8FA0B6A18D}.Release|x64.Build.0 = Release|x64
		{4A7C3955-4F1B-4125-B1FF-AB8FA0B6A18D}.Release|x86.ActiveCfg = Release|Win32
		{4A7C3955-4F1B-4125-B1FF-AB8FA0B6A18D}.Release|x86.Build.0 = Release|Win32
		{9B1A43F2-2312-42EF-8E51-0584283F2C7C}.Debug|x64.ActiveCfg = Debug|x64
		{9B1A43F2-2312-42EF-8E51-0584283F2C7C}.Debug|x64.Build.0 = Debug|x64
		{9B1A43F2-2312-42EF-8E51-0584283F2C7C}.Debug|x86.ActiveCfg = Debug|Win32
		{9B1A43F2-2312-42EF-8E51-0584283F2C7C}.Debug|x86.Build.0 = Debug|Win32
		{9B1A43F2-2312-42EF-8E51-0584283F2C7C}.Release|x64.ActiveCfg = Release|x64
		{9B1A43F2-2312-42EF-8E51-0584283F2C7C}.Release|x64.Build.0 = Release|x64
		{9B1A43F2-2312-42EF-8E51-0584283F2C7C}.Release|x86.ActiveCfg = Release|Win32
		{9B1A43F2-2312-42EF-8E51-0584283F2C7C}.Release|x86.Build.0 = Release|Win32
		{9889096F-335F-4F2D-89C9-BCE44449EF73}.Debug|x64.ActiveCfg = Debug|x64
		{9889096F-335F-4F2D-89C9-BCE44449EF73}.Debug|x64.Build.0 = Debug|x64
		{9889096F-335F-4F2D-89C9-BCE44449EF73}.Debug|x86.ActiveCfg = Debug|Win32
		{9889096F-335F-4F2D-89C9-BCE44449EF73}.Debug|x86.Build.0 = Debug|Win32
		{9889096F-335F-4F2D-89C9-BCE44449EF73}.Release|x64.ActiveCfg = Release|x64
		{9889096F-335F-4F2D-89C9-BCE44449EF73}.Release|x64.Build.0 = Release|x64
		{9889096F-335F-4F2D-89C9-BCE44449EF73}.Release|x86.ActiveCfg = Release|Win32
		{9889096F-335F-4F2D-89C9-BCE44449EF73}.Release|x86.Build.0 = Release|Win32
		{9C4319A6-7A90-47AB-ACCA-600DCAF9EB24}.Debug|x64.ActiveCfg = Debug|x64
		{9C4319A6-7A90-47AB-ACCA-600DCAF9EB24}.Debug|x64.Build.0 = Debug|x64
		{9C4319A6-7A90-47AB-ACCA-600DCAF9EB24}.Debug|x86.ActiveCfg = Debug|Win32
		{9C4319A6-7A90-47AB-ACCA-600DCAF9EB24}.Debug|x86.Build.0 = Debug|Win32
		{9C4319A6-7A90-47AB-ACCA-600DCAF9EB24}.Release|x64.ActiveCfg = Release|x64
		{9C4319A6-7A90-47AB-ACCA-600DCAF9EB24}.Release|x64.Build.0 = Release|x64
		{9C4319A6-7A90-47AB-ACCA-600DCAF9EB24}.Release|x86.ActiveCfg = Release|Win32
		{9C4319A6-7A90-47AB-ACCA-600DCAF9EB24}.Release|x86.Build.0 = Release|Win32
		{3A3F67C3-0870-4590-8F88-4B632A9049D9}.Debug|x64.ActiveCfg = Debug|x64
		{3A3F67C3-0870-4590-8F88-4B632A9049D9}.Debug|x64.Build.0 = Debug|x64
		{3A3F67C3-0870-4590-8F88-4B632A9049D9}.Debug|x86.ActiveCfg = Debug|Win32
		{3A3F67C3-0870-4590-8F88-4B632A9049D9}.Debug|x86.Build.0 = Debug|Win32
		{3A3F67C3-0870-4590-8F88-4B632A9049D9}.Release|x64.ActiveCfg = Release|x64
		{3A3F67C3-0870-4590-8F88-4B632A9049D9}.Release|x64.Build.0 = Release|x64
		{3A3F67C3-0870-4590-8F88-4B632A9049D9}.Release|x86.ActiveCfg = Release|Win32
		{3A3F67C3-0870-4590-8F88-4B632A9049D9}.Release|x86.Build.0 = Release|Win32
		{753CCB8D-BB97-4F96-8A6F-81F620BD84CE}.Debug|x64.ActiveCfg = Debug|x64
		{753CCB8D-BB97-4F96-8A6F-81F620BD84CE}.Debug|x64.Build.0 = Debug|x64
		{753CCB8D-BB97-4F96-8A6F-81F620BD84CE}.Debug|x86.ActiveCfg = Debug|Win32
		{753CCB8D-BB97-4F96-8A6F-81F620BD84CE}.Debug|x86.Build.0 = Debug|Win32
		{753CCB8D-BB97-4F96-8A6F-81F620BD84CE}.Release|x64.ActiveCfg = Release|x64
		{753CCB8D-BB97-4F96-8A6F-81F620BD84CE}.Release|x64.Build.0 = Release|x64
		{753CCB8D-BB97-4F96-8A6F-81F620BD84CE}.Release|x86.ActiveCfg = Release|Win32
		{753CCB8D-BB97-4F96-8A6F-81F620BD84CE}.Release|x86.Build.0 = Release|Win32
		{7F9B1CE4-9F70-4D40-B729-C033F6ABA7D1}.Debug|x64.ActiveCfg = Debug|x64
		{7F9B1CE4-9F70-4D40-B729-C033F6ABA7D1}.Debug|x64.Build.0 = Debug|x64
		{7F9B1CE4-9F70-4D40-B729-C033F6ABA7D1}.Debug|x86.ActiveCfg = Debug|Win32
		{7F9B1CE4-9F70-4D40-B729-C033F6ABA7D1}.Debug|x86.Build.0 = Debug|Win32
		{7F9B1CE4-9F70-4D40-B729-C033F6ABA7D1}.Release|x64.ActiveCfg = Release|x64
		{7F9B1CE4-9F70-4D40-B729-C033F6ABA7D1}.Release|x64.Build.0 = Release|x64
		{7F9B1CE4-9F70-4D40-B729-C033F6ABA7D1}.Release|x86.ActiveCfg = Release|Win32
		{7F9B1CE4-9F70-4D40-B729-C033F6ABA7D1}.Release|x86.Build.0 = Release|Win32
		{986DB22A-53C9-4D49-9FCD-965B64482C4F}.Debug|x64.ActiveCfg = Debug|x64
		{986DB22A-53C9-4D49-9FCD-965B64482C4F}.Debug|x64.Build.0 = Debug|x64
		{986DB22A-53C9-4D49-9FCD-965B64482C4F}.Debug|x86.ActiveCfg = Debug|Win32
		{986DB22A-53C9-4D49-9FCD-965B64482C4F}.Debug|x86.Build.0 = Debug|Win32
		{986DB22A-53C9-4D49-9FCD-965B64482C4F}.Release|x64.ActiveCfg = Release|x64
		{986DB22A-53C9-4D49-9FCD-965B64482C4F}.Release|x64.Build.0 = Release|x64
		{986DB22A-53C9-4D49-9FCD-965B64482C4F}.Release|x86.ActiveCfg = Release|Win32
		{986DB22A-53C9-4D49-9FCD-965B64482C4F}.Release|x86.Build.0 = Release|Win32
		{1A09796D-133A-4711-BCDF-437949339CC8}.Debug|x64.ActiveCfg = Debug|x64
		{1A09796D-133A-4711-BCDF-437949339CC8}.Debug|x64.Build.0 = Debug|x64
		{1A09796D-133A-4711-BCDF-437949339CC8}.Debug|x86.ActiveCfg = Debug|Win32
		{1A09796D-133A-4711-BCDF-437949339CC8}.Debug|x86.Build.0 = Debug|Win32
		{1A09796D-133A-4711-BCDF-437949339CC8}.Release|x64.ActiveCfg = Release|x64
		{1A09796D-133A-4711-BCDF-437949339CC8}.Release|x64.Build.0 = Release|x64
		{1A09796D-133A-4711-BCDF-437949339CC8}.Release|x86.ActiveCfg = Release|Win32
		{1A09796D-133A-4711-BCDF-437949339CC8}.Release|x86.Build.0 = Release|Win32
		{160F2B76-C3D7-482F-B31B-CACD23C7C31B}.Debug|x64.ActiveCfg = Debug|x64
		{160F2B76-C3D7-482F-B31B-CACD23C7C31B}.Debug|x64.Build.0 = Debug|x64
		{160F2B76-C3D7-482F-B31B-CACD23C7C31B}.Debug|x86.ActiveCfg = Debug|Win32
		{160F2B76-C3D7-482F-B31B-CACD23C7C31B}.Debug|x86.Build.0 = Debug|Win32
		{160F2B76-C3D7-482F-B31B-CACD23C7C31B}.Release|x64.ActiveCfg = Release|x64
		{160F2B76-C3D7-482F-B31B-CACD23C7C31B}.Release|x64.Build.0 = Release|x64
		{160F2B76-C3D7-482F-B31B-CACD23C7C31B}.Release|x86.ActiveCfg = Release|Win32
		{160F2B76-C3D7-482F-B31B-CACD23C7C31B}.Release|x86.Build.0 = Release|Win32
		{08E6CD6C-5424-460F-ADE4-00BA08BDDC5E}.Debug|x64.ActiveCfg = Debug|x64
		{08E6CD6C-5424-460F-ADE4-00BA08BDDC5E}.Debug|x64.Build.0 = Debug|x64
		{08E6CD6C-5424-460F-ADE4-00BA08BDDC5E}.Debug|x86.ActiveCfg = Debug|Win32
		{08E6CD6C-5424-460F-ADE4-00BA08BDDC5E}.Debug|x86.Build.0 = Debug|Win32
		{08E6CD6C-5424-460F-ADE4-00BA08BDDC5E}.Release|x64.ActiveCfg = Release|x64
		{08E6CD6C-5424-460F-ADE4-00BA08BDDC5E}.Release|x64.Build.0 = Release|x64
		{08E6CD6C-5424-460F-ADE4-00BA08BDDC5E}.Release|x86.ActiveCfg = Release|Win32
		{08E6CD6C-5424-460F-ADE4-00BA08BDDC5E}.Release|x86.Build.0 = Release|Win32
		{D09AB0E4-D04F-4EC3-AF95-FE960874C3C4}.Debug|x64.ActiveCfg = Debug|x64
		{D09AB0E4-D04F-4EC3-AF95-FE960874C3C4}.Debug|x64.Build.0 = Debug|x64
		{D09AB0E4-D04F-4EC3-AF95-FE960874C3C4}.Debug|x86.ActiveCfg = Debug|Win32
		{D09AB0E4-D04F-4EC3-AF95-FE960874C3C4}.Debug|x86.Build.0 = Debug|Win32
		{D09AB0E4-D04F-4EC3-AF95-FE960874C3C4}.Release|x64.ActiveCfg = Release|x64
		{D09AB0E4-D04F-4EC3-AF95-FE960874C3C4}.Release|x64.Build.0 = Release|x64
		{D09AB0E4-D04F-4EC3-AF95-FE960874C3C4}.Release|x86.ActiveCfg = Release|Win32
		{D09AB0E4-D04F-4EC3-AF95-FE960874C3C4}.Release|x86.Build.0 = Release|Win32
		{ED4B608A-486E-42C7-8042-9E45A6AD1850}.Debug|x64.ActiveCfg = Debug|x64
		{ED4B608A-486E-42C7-8042-9E45A6AD1850}.Debug|x64.Build.0 = Debug|x64
		{ED4B608A-486E-42C7-8042-9E45A6AD1850}.Debug|x86.ActiveCfg = Debug|Win32
		{ED4B608A-486E-42C7-8042-9E45A6AD1850}.Debug|x86.Build.0 = Debug|Win32
		{ED4B608A-486E-42C7-8042-9E45A6AD1850}.Release|x64.ActiveCfg = Release|x64
		{ED4B608A-486E-42C7-8042-9E45A6AD1850}.Release|x64.Build.0 = Release|x64
		{ED4B608A-486E-42C7-8042-9E45A6AD1850}.Release|x86.ActiveCfg = Release|Win32
		{ED4B608A-486E-42C7-8042-9E45A6AD1850}.Release|x86.Build.0 = Release|Win32
		{EFFC1766-2F84-4F1F-906B-B0286CADB796}.Debug|x64.ActiveCfg = Debug|x64
		{EFFC1766-2F84-4F1F-906B-B0286CADB796}.Debug|x64.Build.0 = Debug|x64
		{EFFC1766-2F84-4F1F-906B-B0286CADB796}.Debug|x86.ActiveCfg = Debug|Win32
		{EFFC1766-2F84-4F1F-906B-B0286CADB796}.Debug|x86.Build.0 = Debug|Win32
		{EFFC1766-2F84-4F1F-906B-B0286CADB796}.Release|x64.ActiveCfg = Release|x64
		{EFFC1766-2F84-4F1F-906B-B0286CADB796}.Release|x64.Build.0 = Release|x64
		{EFFC1766-2F84-4F1F-906B-B0286CADB796}.Release|x86.ActiveCfg = Release|Win32
		{EFFC1766-2F84-4F1F-906B-B0286CADB796}.Release|x86.Build.0 = Release|Win32
		{03B2AF36-721A-4D54-824E-9CBAC207346F}.Debug|x64.ActiveCfg = Debug|x64
		{03B2AF36-721A-4D54-824E-9CBAC207346F}.Debug|x64.Build.0 = Debug|x64
		{03B2AF36-721A-4D54-824E-9CBAC207346F}.Debug|x86.ActiveCfg = Debug|Win32
		{03B2AF36-721A-4D54-824E-9CBAC207346F}.Debug|x86.Build.0 = Debug|Win32
		{03B2AF36-721A-4D54-824E-9CBAC207346F}.Release|x64.ActiveCfg = Release|x64
		{03B2AF36-721A-4D54-824E-9CBAC207346F}.Release|x64.Build.0 = Release|x64
		{03B2AF36-721A-4D54-824E-9CBAC207346F}.Release|x86.ActiveCfg = Release|Win32
		{03B2AF36-721A-4D54-824E-9CBAC207346F}.Release|x86.Build.0 = Release|Win32
		{FBAB157E-0EBC-43A4-B18D-5DB9A426C12C}.Debug|x64.ActiveCfg = Debug|x64
		{FBAB157E-0EBC-43A4-B18D-5DB9A426C12C}.Debug|x64.Build.0 = Debug|x64
		{FBAB157E-0EBC-43A4-B18D-5DB9A426C12C}.Debug|x86.ActiveCfg = Debug|Win32
		{FBAB157E-0EBC-43A4-B18D-5DB9A426C12C}.Debug|x86.Build.0 = Debug|Win32
		{FBAB157E-0EBC-43A4-B18D-5DB9A426C12C}.Release|x64.ActiveCfg = Release|x64
		{FBAB157E-0EBC-43A4-B18D-5DB9A426C12C}.Release|x64.Build.0 = Release|x64
		{FBAB157E-0EBC-43A4-B18D-5DB9A426C12C}.Release|x86.ActiveCfg = Release|Win32
		{FBAB157E-0EBC-43A4-B18D-5DB9A426C12C}.Release|x86.Build.0 = Release|Win32
		{1DC54DB5-0C0F-4F3B-808E-6DB1F2A2D8AE}.Debug|x64.ActiveCfg = Debug|x64
		{1DC54DB5-0C0F-4F3B-808E-6DB1F2A2D8AE}.Debug|x64.Build.0 = Debug|x64
		{1DC54DB5-0C0F-4F3B-808E-6DB1F2A2D8AE}.Debug|x86.ActiveCfg = Debug|Win32
		{1DC54DB5-0C0F-4F3B-808E-6DB1F2A2D8AE}.Debug|x86.Build.0 = Debug|Win32
		{1DC54DB5-0C0F-4F3B-808E-6DB1F2A2D8AE}.Release|x64.ActiveCfg = Release|x64
		{1DC54DB5-0C0F-4F3B-808E-6DB1F2A2D8AE}.Release|x64.Build.0 = Release|x64
		{1DC54DB5-0C0F-4F3B-808E-6DB1F2A2D8AE}.Release|x86.ActiveCfg = Release|Win32
		{1DC54DB5-0C0F-4F3B-808E-6DB1F2A2D8AE}.Release|x86.Build.0 = Release|Win32
		{EC4CF572-95EE-41C1-951E-EF8F7ED53EBF}.Debug|x64.ActiveCfg = Debug|x64
		{EC4CF572-95EE-41C1-951E-EF8F7ED53EBF}.Debug|x64.Build.0 = Debug|x64
		{EC4CF572-95EE-41C1-951E-EF8F7ED53EBF}.Debug|x86.ActiveCfg = Debug|Win32
		{EC4CF572-95EE-41C1-951E-EF8F7ED53EBF}.Debug|x86.Build.0 = Debug|Win32
		{EC4CF572-95EE-41C1-951E-EF8F7ED53EBF}.Release|x64.ActiveCfg = Release|x64
		{EC4CF572-95EE-41C1-951E-EF8F7ED53EBF}.Release|x64.Build.0 = Release|x64
		{EC4CF572-95EE-41C1-951E-EF8F7ED53EBF}.Release|x86.ActiveCfg = Release|Win32
		{EC4CF572-95EE-41C1-951E-EF8F7ED53EBF}.Release|x86.Build.0 = Release|Win32
		{36FF681C-A84B-4AEC-9952-53765511D36C}.Debug|x64.ActiveCfg = Debug|x64
		{36FF681C-A84B-4AEC-9952-53765511D36C}.Debug|x64.Build.0 = Debug|x64
		{36FF681C-A84B-4AEC-9952-53765511D36C}.Debug|x86.ActiveCfg = Debug|Win32
		{36FF681C-A84B-4AEC-9952-53765511D36C}.Debug|x86.Build.0 = Debug|Win32
		{36FF681C-A84B-4AEC-9952-53765511D36C}.Release|x64.ActiveCfg = Release|x64
		{36FF681C-A84B-4AEC-9952-53765511D36C}.Release|x64.Build.0 = Release|x64
		{36FF681C-A84B-4AEC-9952-53765511D36C}.Release|x86.ActiveCfg = Release|Win32
		{36FF681C-A84B-4AEC-9952-53765511D36C}.Release|x86.Build.0 = Release|Win32
		{6959E9F3-62C1-4572-A64E-8C83CEE0BD1B}.Debug|x64.ActiveCfg = Debug|x64
		{6959E9F3-62C1-4572-A64E-8C83CEE0BD1B}.Debug|x64.Build.0 = Debug|x64
		{6959E9F3-62C1-4572-A64E-8C83CEE0BD1B}.Debug|x86.ActiveCfg = Debug|Win32
		{6959E9F3-62C1-4572-A64E-8C83CEE0BD1B}.Debug|x86.Build.0 = Debug|Win32
		{6959E9F3-62C1-4572-A64E-8C83CEE0BD1B}.Release|x64.ActiveCfg = Release|x64
		{6959E9F3-62C1-4572-A64E-8C83CEE0BD1B}.Release|x64.Build.0 = Release|x64
		{6959E9F3-62C1-4572-A64E-8C83CEE0BD1B}.Release|x86.ActiveCfg = Release|Win32
		{6959E9F3-62C1-4572-A64E-8C83CEE0BD1B}.Release|x86.Build.0 = Release|Win32
		{C8D022E7-3CAA-45B0-89A8-7DDBBB631E3F}.Debug|x64.ActiveCfg = Debug|x64
		{C8D022E7-3CAA-45B0-89A8-7DDBBB631E3F}.Debug|x64.Build.0 = Debug|x64
		{C8D022E7-3CAA-45B0-89A8-7DDBBB631E3F}.Debug|x86.ActiveCfg = Debug|Win32
		{C8D022E7-3CAA-45B0-89A8-7DDBBB631E3F}.Debug|x86.Build.0 = Debug|Win32
		{C8D022E7-3CAA-45B0-89A8-7DDBBB631E3F}.Release|x64.ActiveCfg = Release|x64
		{C8D022E7-3CAA-45B0-89A8-7DDBBB631E3F}.Release|x64.Build.0 = Release|x64
		{C8D022E7-3CAA-45B0-89A8-7DDBBB631E3F}.Release|x86.ActiveCfg = Release|Win32
		{C8D022E7-3CAA-45B0-89A8-7DDBBB631E3F}.Release|x86.Build.0 = Release|Win32
		{46F39D35-1C29-4A0B-99EE-2B42A9DF86A1}.Debug|x64.ActiveCfg = Debug|x64
		{46F39D35-1C29-4A0B-99EE-2B42A9DF86A1}.Debug|x64.Build.0 = Debug|x64
		{46F39D35-1C29-4A0B-99EE-2B42A9DF86A1}.Debug|x86.ActiveCfg = Debug|Win32
		{46F39D35-1C29-4A0B-99EE-2B42A9DF86A1}.Debug|x86.Build.0 = Debug|Win32
		{46F39D35-1C29-4A0B-99EE-2B42A9DF86A1}.Release|x64.ActiveCfg = Release|x64
		{46F39D35-1C29-4A0B-99EE-2B42A9DF86A1}.Release|x64.Build.0 = Release|x64
		{46F39D35-1C29-4A0B-99EE-2B42A9DF86A1}.Release|x86.ActiveCfg = Release|Win32
		{46F39D35-1C29-4A0B-99EE-2B42A9DF86A1}.Release|x86.Build.0 = Release|Win32
		{895CCD3D-0954-41AA-847A-5E70627255BF}.Debug|x64.ActiveCfg = Debug|x64
		{895CCD3D-0954-41AA-847A-5E70627255BF}.Debug|x64.Build.0 = Debug|x64
		{895CCD3D-0954-41AA-847A-5E70627255BF}.Debug|x86.ActiveCfg = Debug|Win32
		{895CCD3D-0954-41AA-847A-5E70627255BF}.Debug|x86.Build.0 = Debug|Win32
		{895CCD3D-0954-41AA-847A-5E70627255BF}.Release|x64.ActiveCfg = Release|x64
		{895CCD3D-0954-41AA-847A-5E70627255BF}.Release|x64.Build.0 = Release|x64
		{895CCD3D-0954-41AA-847A-5E70627255BF}.Release|x86.ActiveCfg = Release|Win32
		{895CCD3D-0954-41AA-847A-5E70627255BF}.Release|x86.Build.0 = Release|Win32
		{1B4070FD-7018-4BFD-927A-804656008107}.Debug|x64.ActiveCfg = Debug|x64
		{1B4070FD-7018-4BFD-927A-804656008107}.Debug|x64.Build.0 = Debug|x64
		{1B4070FD-7018-4BFD-927A-804656008107}.Debug|x86.ActiveCfg = Debug|Win32
		{1B4070FD-7018-4BFD-927A-804656008107}.Debug|x86.Build.0 = Debug|Win32
		{1B4070FD-7018-4BFD-927A-804656008107}.Release|x64.ActiveCfg = Release|x64
		{1B4070FD-7018-4BFD-927A-804656008107}.Release|x64.Build.0 = Release|x64
		{1B4070FD-7018-4BFD-927A-804656008107}.Release|x86.ActiveCfg = Release|Win32
		{1B4070FD-7018-4BFD-927A-804656008107}.Release|x86.Build.0 = Release|Win32
		{8A33302F-3422-4574-9001-510E0F45ECC2}.Debug|x64.ActiveCfg = Debug|x64
		{8A33302F-3422-4574-9001-510E0F45ECC2}.Debug|x64.Build.0 = Debug|x64
		{8A33302F-3422-4574-9001-510E0F45ECC2}.Debug|x86.ActiveCfg = Debug|Win32
		{8A33302F-3422-4574-9001-510E0F45ECC2}.Debug|x86.Build.0 = Debug|Win32
		{8A33302F-3422-4574-9001-510E0F45ECC2}.Release|x64.ActiveCfg = Release|x64
		{8A33302F-3422-4574-9001-510E0F45ECC2}.Release|x64.Build.0 = Release|x64
		{8A33302F-3422-4574-9001-510E0F45ECC2}.Release|x86.ActiveCfg = Release|Win32
		{8A33302F-3422-4574-9001-510E0F45ECC2}.Release|x86.Build.0 = Release|Win32
		{B5A749D6-1B04-4FCD-BE75-8EF078F12C8D}.Debug|x64.ActiveCfg = Debug|x64
		{B5A749D6-1B04-4FCD-BE75-8EF078F12C8D}.Debug|x64.Build.0 = Debug|x64
		{B5A749D6-1B04-4FCD-BE75-8EF078F12C8D}.Debug|x86.ActiveCfg = Debug|Win32
		{B5A749D6-1B04-4FCD-BE75-8EF078F12C8D}.Debug|x86.Build.0 = Debug|Win32
		{B5A749D6-1B04-4FCD-BE75-8EF078F12C8D}.Release|x64.ActiveCfg = Release|x64
		{B5A749D6-1B04-4FCD-BE75-8EF078F12C8D}.Release|x64.Build.0 = Release|x64
		{B5A749D6-1B04-4FCD-BE75-8EF078F12C8D}.Release|x86.ActiveCfg = Release|Win32
		{B5A749D6-1B04-4FCD-BE75-8EF078F12C8D}.Release|x86.Build.0 = Release|Win32
		{D018CC34-568C-4CF6-80E9-8ACF1BA9A7F2}.Debug|x64.ActiveCfg = Debug|x64
		{D018CC34-568C-4CF6-80E9-8ACF1BA9A7F2}.Debug|x64.Build.0 = Debug|x64
		{D018CC34-568C-4CF6-80E9-8ACF1BA9A7F2}.Debug|x86.ActiveCfg = Debug|Win32
		{D018CC34-568C-4CF6-80E9-8ACF1BA9A7F2}.Debug|x86.Build.0 = Debug|Win32
		{D018CC34-568C-4CF6-80E9-8ACF1BA9A7F2}.Release|x64.ActiveCfg = Release|x64
		{D018CC34-568C-4CF6-80E9-8ACF1BA9A7F2}.Release|x64.Build.0 = Release|x64
		{D018CC34-568C-4CF6-80E9-8ACF1BA9A7F2}.Release|x86.ActiveCfg = Release|Win32
		{D018CC34-568C-4CF6-80E9-8ACF1BA9A7F2}.Release|x86.Build.0 = Release|Win32
		{DB98B8F3-C5F2-4758-9943-8D8B24703A34}.Debug|x64.ActiveCfg = Debug|x64
		{DB98B8F3-C5F2-4758-9943-8D8B24703A34}.Debug|x64.Build.0 = Debug|x64
		{DB98B8F3-C5F2-4758-9943-8D8B24703A34}.Debug|x86.ActiveCfg = Debug|Win32
		{DB98B8F3-C5F2-4758-9943-8D8B24703A34}.Debug|x86.Build.0 = Debug|Win32
		{DB98B8F3-C5F2-4758-9943-8D8B24703A34}.Release|x64.ActiveCfg = Release|x64
		{DB98B8F3-C5F2-4758-9943-8D8B24703A34}.Release|x64.Build.0 = Release|x64
		{DB98B8F3-C5F2-4758-9943-8D8B24703A34}.Release|x86.ActiveCfg = Release|Win32
		{DB98B8F3-C5F2-4758-9943-8D8B24703A34}.Release|x86.Build.0 = Release|Win32
		{D3B2DDA1-072C-49E3-B848-9A07C9130295}.Debug|x64.ActiveCfg = Debug|x64
		{D3B2DDA1-072C-49E3-B848-9A07C9130295}.Debug|x64.Build.0 = Debug|x64
		{D3B2DDA1-072C-49E3-B848-9A07C9130295}.Debug|x86.ActiveCfg = Debug|Win32
		{D3B2DDA1-072C-49E3-B848-9A07C9130295}.Debug|x86.Build.0 = Debug|Win32
		{D3B2DDA1-072C-49E3-B848-9A07C9130295}.Release|x64.ActiveCfg = Release|x64
		{D3B2DDA1-072C-49E3-B848-9A07C9130295}.Release|x64.Build.0 = Release|x64
		{D3B2DDA1-072C-49E3-B848-9A07C9130295}.Release|x86.ActiveCfg = Release|Win32
		{D3B2DDA1-072C-49E3-B848-9A07C9130295}.Release|x86.Build.0 = Release|Win32
		{4C2BA983-7C2A-4FFB-9554-9ACCF9049488}.Debug|x64.ActiveCfg = Debug|x64
		{4C2BA983-7C2A-4FFB-9554-9ACCF9049488}.Debug|x64.Build.0 = Debug|x64
		{4C2BA983-7C2A-4FFB-9554-9ACCF9049488}.Debug|x86.ActiveCfg = Debug|Win32
		{4C2BA983-7C2A-4FFB-9554-9ACCF9049488}.Debug|x86.Build.0 = Debug|Win32
		{4C2BA983-7C2A-4FFB-9554-9ACCF9049488}.Release|x64.ActiveCfg = Release|x64
		{4C2BA983-7C2A-4FFB-9554-9ACCF9049488}.Release|x64.Build.0 = Release|x64
		{4C2BA983-7C2A-4FFB-9554-9ACCF9049488}.Release|x86.ActiveCfg = Release|Win32
		{4C2BA983-7C2A-4FFB-9554-9ACCF9049488}.Release|x86.Build.0 = Release|Win32
		{CE2CAC24-6F6C-484F-A266-C35FA6A20038}.Debug|x64.ActiveCfg = Debug|x64
		{CE2CAC24-6F6C-484F-A266-C35FA6A20038}.Debug|x64.Build.0 = Debug|x64
		{CE2CAC24-6F6C-484F-A266-C35FA6A20038}.Debug|x86.ActiveCfg = Debug|Win32
		{CE2CAC24-6F6C-484F-A266-C35FA6A20038}.Debug|x86.Build.0 = Debug|Win32
		{CE2CAC24-6F6C-484F-A266-C35FA6A20038}.Release|x64.ActiveCfg = Release|x64
		{CE2CAC24-6F6C-484F-A266-C35FA6A20038}.Release|x64.Build.0 = Release|x64
		{CE2CAC24-6F6C-484F-A266-C35FA6A20038}.Release|x86.ActiveCfg = Release|Win32
		{CE2CAC24-6F6C-484F-A266-C35FA6A20038}.Release|x86.Build.0 = Release|Win32
		{C056EB0B-CF51-4D66-805A-6385D84474B6}.Debug|x64.ActiveCfg = Debug|x64
		{C056EB0B-CF51-4D66-805A-6385D84474B6}.Debug|x64.Build.0 = Debug|x64
		{C056EB0B-CF51-4D66-805A-6385D84474B6}.Debug|x86.ActiveCfg = Debug|Win32
		{C056EB0B-CF51-4D66-805A-6385D84474B6}.Debug|x86.Build.0 = Debug|Win32
		{C056EB0B-CF51-4D66-805A-6385D84474B6}.Release|x64.ActiveCfg = Release|x64
		{C056EB0B-CF51-4D66-805A-6385D84474B6}.Release|x64.Build.0 = Release|x64
		{C056EB0B-CF51-4D66-805A-6385D84474B6}.Release|x86.ActiveCfg = Release|Win32
		{C056EB0B-CF51-4D66-805A-6385D84474B6}.Release|x86.Build.0 = Release|Win32
		{67F05DA9-F79F-4BF5-9EF3-695CFCC36DBC}.Debug|x64.ActiveCfg = Debug|x64
		{67F05DA9-F79F-4BF5-9EF3-695CFCC36DBC}.Debug|x64.Build.0 = Debug|x64
		{67F05DA9-F79F-4BF5-9EF3-695CFCC36DBC}.Debug|x86.ActiveCfg = Debug|Win32
		{67F05DA9-F79F-4BF5-9EF3-695CFCC36DBC}.Debug|x86.Build.0 = Debug|Win32
		{67F05DA9-F79F-4BF5-9EF3-695CFCC36DBC}.Release|x64.ActiveCfg = Release|x64
		{67F05DA9-F79F-4BF5-9EF3-695CFCC36DBC}.Release|x64.Build.0 = Release|x64
		{67F05DA9-F79F-4BF5-9EF3-695CFCC36DBC}.Release|x86.ActiveCfg = Release|Win32
		{67F05DA9-F79F-4BF5-9EF3-695CFCC36DBC}.Release|x86.Build.0 = Release|Win32
		{87E5E606-3FA3-496B-816D-E103D0A81DBC}.Debug|x64.ActiveCfg = Debug|x64
		{87E5E606-3FA3-496B-816D-E103D0A81DBC}.Debug|x64.Build.0 = Debug|x64
		{87E5E606-3FA3-496B-816D-E103D0A81DBC}.Debug|x86.ActiveCfg = Debug|Win32
		{87E5E606-3FA3-496B-816D-E103D0A81DBC}.Debug|x86.Build.0 = Debug|Win32
		{87E5E606-3FA3-496B-816D-E103D0A81DBC}.Release|x64.ActiveCfg = Release|x64
		{87E5E606-3FA3-496B-816D-E103D0A81DBC}.Release|x64.Build.0 = Release|x64
		{87E5E606-3FA3-496B-816D-E103D0A81DBC}.Release|x86.ActiveCfg = Release|Win32
		{87E5E606-3FA3-496B-816D-E103D0A81DBC}.Release|x86.Build.0 = Release|Win32
		{F0FFBF7C-6149-42C8-B389-ED3E7D9097BA}.Debug|x64.ActiveCfg = Debug|x64
		{F0FFBF7C-6149-42C8-B389-ED3E7D9097BA}.Debug|x64.Build.0 = Debug|x64
		{F0FFBF7C-6149-42C8-B389-ED3E7D9097BA}.Debug|x86.ActiveCfg = Debug|Win32
		{F0FFBF7C-6149-42C8-B389-ED3E7D9097BA}.Debug|x86.Build.0 = Debug|Win32
		{F0FFBF7C-6149-42C8-B389-ED3E7D9097BA}.Release|x64.ActiveCfg = Release|x64
		{F0FFBF7C-6149-42C8-B389-ED3E7D9097BA}.Release|x64.Build.0 = Release|x64
		{F0FFBF7C-6149-42C8-B389-ED3E7D9097BA}.Release|x86.ActiveCfg = Release|Win32
		{F0FFBF7C-6149-42C8-B389-ED3E7D9097BA}.Release|x86.Build.0 = Release|Win32
	EndGlobalSection
	GlobalSection(SolutionProperties) = preSolution
		HideSolutionNode = FALSE
	EndGlobalSection
	GlobalSection(NestedProjects) = preSolution
		{080D867D-4E8D-484E-9FB4-BDD5BF00E6DD} = {9A16CBC5-EE19-4387-9FFD-06C5B311846B}
		{45A1431D-C05E-4810-B1F8-A79B5D26A3D0} = {96F36F33-CE3E-411C-B1A8-16B582787A87}
		{85E42D55-55BC-4664-BCE9-0E0EA00063B9} = {E748BD35-5E21-48EC-9EA8-A8C027019E84}
		{EDB6D879-4CD8-4F80-9578-5823AA01A056} = {E748BD35-5E21-48EC-9EA8-A8C027019E84}
		{904CAC31-ACF5-4842-9E57-6E7782B25CDD} = {E748BD35-5E21-48EC-9EA8-A8C027019E84}
		{DC6D71F7-5DBE-4742-91D8-715A37D6A989} = {75942185-8344-4027-B685-8814758129CA}
		{A59C8C54-148B-4152-91C5-6AD202EBD117} = {5E4B6E85-2C24-4779-B43D-177F6E07D381}
		{72D5B314-56DF-4478-B0C4-BCF3867E675E} = {5E4B6E85-2C24-4779-B43D-177F6E07D381}
		{50E048F6-C1B2-4E92-BD3C-86CB7D68AAA2} = {5E4B6E85-2C24-4779-B43D-177F6E07D381}
		{1DA85525-FCF0-4C8A-B199-2549DF8C842D} = {5E4B6E85-2C24-4779-B43D-177F6E07D381}
		{348E26D6-ADD2-4039-BE0B-41070B96B22C} = {78F4BE72-C6A9-4A24-970C-B7EA26ED247C}
		{880AFEFE-9848-4AF4-85E2-40F90CCAF0C3} = {78F4BE72-C6A9-4A24-970C-B7EA26ED247C}
		{DF81FDA5-B289-4785-B7D1-6953B9CFDC8C} = {78F4BE72-C6A9-4A24-970C-B7EA26ED247C}
		{22C721A3-CB21-4452-B95C-66F87E94BDA9} = {78F4BE72-C6A9-4A24-970C-B7EA26ED247C}
		{E6C4E9DF-2C1B-4646-A901-208D6F0D7C4E} = {78F4BE72-C6A9-4A24-970C-B7EA26ED247C}
		{74218413-DA8C-418E-A244-C1B1F1ED71F7} = {F1A014BC-BE55-4607-82B6-0EF81997B0BA}
		{666D6BA3-0383-41C2-9A65-DB849D558BFA} = {F1A014BC-BE55-4607-82B6-0EF81997B0BA}
		{C44D566F-9B31-44B8-9377-0C10B6A4C22C} = {06A9AA0B-40E6-4076-B65A-A89278D01E42}
		{4A7C3955-4F1B-4125-B1FF-AB8FA0B6A18D} = {06A9AA0B-40E6-4076-B65A-A89278D01E42}
		{9B1A43F2-2312-42EF-8E51-0584283F2C7C} = {06A9AA0B-40E6-4076-B65A-A89278D01E42}
		{9889096F-335F-4F2D-89C9-BCE44449EF73} = {06A9AA0B-40E6-4076-B65A-A89278D01E42}
		{9C4319A6-7A90-47AB-ACCA-600DCAF9EB24} = {FE092A9A-2168-4FBA-96C2-5DC6CDEB26B7}
		{3A3F67C3-0870-4590-8F88-4B632A9049D9} = {69686196-C18C-49E9-91A9-0D391888D7D5}
		{753CCB8D-BB97-4F96-8A6F-81F620BD84CE} = {69686196-C18C-49E9-91A9-0D391888D7D5}
		{7F9B1CE4-9F70-4D40-B729-C033F6ABA7D1} = {69686196-C18C-49E9-91A9-0D391888D7D5}
		{986DB22A-53C9-4D49-9FCD-965B64482C4F} = {69686196-C18C-49E9-91A9-0D391888D7D5}
		{1A09796D-133A-4711-BCDF-437949339CC8} = {69686196-C18C-49E9-91A9-0D391888D7D5}
		{160F2B76-C3D7-482F-B31B-CACD23C7C31B} = {69686196-C18C-49E9-91A9-0D391888D7D5}
		{08E6CD6C-5424-460F-ADE4-00BA08BDDC5E} = {69686196-C18C-49E9-91A9-0D391888D7D5}
		{D09AB0E4-D04F-4EC3-AF95-FE960874C3C4} = {69686196-C18C-49E9-91A9-0D391888D7D5}
		{ED4B608A-486E-42C7-8042-9E45A6AD1850} = {69686196-C18C-49E9-91A9-0D391888D7D5}
		{EFFC1766-2F84-4F1F-906B-B0286CADB796} = {69686196-C18C-49E9-91A9-0D391888D7D5}
		{03B2AF36-721A-4D54-824E-9CBAC207346F} = {69686196-C18C-49E9-91A9-0D391888D7D5}
		{FBAB157E-0EBC-43A4-B18D-5DB9A426C12C} = {69686196-C18C-49E9-91A9-0D391888D7D5}
		{1DC54DB5-0C0F-4F3B-808E-6DB1F2A2D8AE} = {69686196-C18C-49E9-91A9-0D391888D7D5}
		{EC4CF572-95EE-41C1-951E-EF8F7ED53EBF} = {69686196-C18C-49E9-91A9-0D391888D7D5}
		{36FF681C-A84B-4AEC-9952-53765511D36C} = {69686196-C18C-49E9-91A9-0D391888D7D5}
		{6959E9F3-62C1-4572-A64E-8C83CEE0BD1B} = {69686196-C18C-49E9-91A9-0D391888D7D5}
		{C8D022E7-3CAA-45B0-89A8-7DDBBB631E3F} = {69686196-C18C-49E9-91A9-0D391888D7D5}
		{46F39D35-1C29-4A0B-99EE-2B42A9DF86A1} = {69686196-C18C-49E9-91A9-0D391888D7D5}
		{895CCD3D-0954-41AA-847A-5E70627255BF} = {69686196-C18C-49E9-91A9-0D391888D7D5}
		{1B4070FD-7018-4BFD-927A-804656008107} = {69686196-C18C-49E9-91A9-0D391888D7D5}
		{8A33302F-3422-4574-9001-510E0F45ECC2} = {69686196-C18C-49E9-91A9-0D391888D7D5}
		{B5A749D6-1B04-4FCD-BE75-8EF078F12C8D} = {177D01A4-BFD9-4B4F-B67B-6C99BFE84FC5}
		{D018CC34-568C-4CF6-80E9-8ACF1BA9A7F2} = {177D01A4-BFD9-4B4F-B67B-6C99BFE84FC5}
		{DB98B8F3-C5F2-4758-9943-8D8B24703A34} = {177D01A4-BFD9-4B4F-B67B-6C99BFE84FC5}
		{D3B2DDA1-072C-49E3-B848-9A07C9130295} = {177D01A4-BFD9-4B4F-B67B-6C99BFE84FC5}
		{4C2BA983-7C2A-4FFB-9554-9ACCF9049488} = {B94B99FB-6CAD-41C1-92F2-42F056072556}
		{CE2CAC24-6F6C-484F-A266-C35FA6A20038} = {B94B99FB-6CAD-41C1-92F2-42F056072556}
		{C056EB0B-CF51-4D66-805A-6385D84474B6} = {69686196-C18C-49E9-91A9-0D391888D7D5}
		{67F05DA9-F79F-4BF5-9EF3-695CFCC36DBC} = {53D168C5-8905-4715-8207-B178E201DBC7}
		{87E5E606-3FA3-496B-816D-E103D0A81DBC} = {69686196-C18C-49E9-91A9-0D391888D7D5}
		{F0FFBF7C-6149-42C8-B389-ED3E7D9097BA} = {53D168C5-8905-4715-8207-B178E201DBC7}
	EndGlobalSection
	GlobalSection(ExtensibilityGlobals) = postSolution
		SolutionGuid = {5997D6DC-CC20-4651-B48F-A01720716417}
	EndGlobalSection
EndGlobal
