
Microsoft Visual Studio Solution File, Format Version 12.00
# Visual Studio 15
VisualStudioVersion = 15.0.28307.757
MinimumVisualStudioVersion = 10.0.40219.1
Project("{8BC9CEB8-8B4A-11D0-8D11-00A0C91BC942}") = "00_Direct3DGameLib_0", "00_Direct3DGameLib_0\00_Direct3DGameLib_0.vcxproj", "{080D867D-4E8D-484E-9FB4-BDD5BF00E6DD}"
EndProject
Project("{2150E333-8FDC-42A3-9474-1A3956D46DE8}") = "Chap.00_Library", "Chap.00_Library", "{9A16CBC5-EE19-4387-9FFD-06C5B311846B}"
EndProject
Project("{2150E333-8FDC-42A3-9474-1A3956D46DE8}") = "Chap.01_Device", "Chap.01_Device", "{96F36F33-CE3E-411C-B1A8-16B582787A87}"
EndProject
Project("{8BC9CEB8-8B4A-11D0-8D11-00A0C91BC942}") = "01_LibraryTest", "01_LibraryTest\01_LibraryTest.vcxproj", "{45A1431D-C05E-4810-B1F8-A79B5D26A3D0}"
EndProject
Project("{2150E333-8FDC-42A3-9474-1A3956D46DE8}") = "Chap.02_Buffer", "Chap.02_Buffer", "{E748BD35-5E21-48EC-9EA8-A8C027019E84}"
EndProject
Project("{8BC9CEB8-8B4A-11D0-8D11-00A0C91BC942}") = "02_IndexBuffer", "02_IndexBuffer\02_IndexBuffer.vcxproj", "{85E42D55-55BC-4664-BCE9-0E0EA00063B9}"
EndProject
Project("{8BC9CEB8-8B4A-11D0-8D11-00A0C91BC942}") = "03_ConstantBuffer", "03_ConstantBuffer\03_ConstantBuffer.vcxproj", "{EDB6D879-4CD8-4F80-9578-5823AA01A056}"
EndProject
Project("{8BC9CEB8-8B4A-11D0-8D11-00A0C91BC942}") = "04_AlphaBlend", "04_AlphaBlend\04_AlphaBlend.vcxproj", "{904CAC31-ACF5-4842-9E57-6E7782B25CDD}"
EndProject
Project("{2150E333-8FDC-42A3-9474-1A3956D46DE8}") = "Chap.03_Math", "Chap.03_Math", "{75942185-8344-4027-B685-8814758129CA}"
EndProject
Project("{8BC9CEB8-8B4A-11D0-8D11-00A0C91BC942}") = "05_Vector", "05_Vector\05_Vector.vcxproj", "{DC6D71F7-5DBE-4742-91D8-715A37D6A989}"
EndProject
Project("{8BC9CEB8-8B4A-11D0-8D11-00A0C91BC942}") = "06_SDXObject", "06_SDXObject\06_SDXObject.vcxproj", "{A59C8C54-148B-4152-91C5-6AD202EBD117}"
EndProject
Project("{2150E333-8FDC-42A3-9474-1A3956D46DE8}") = "Chap.04_Object", "Chap.04_Object", "{5E4B6E85-2C24-4779-B43D-177F6E07D381}"
EndProject
Project("{8BC9CEB8-8B4A-11D0-8D11-00A0C91BC942}") = "07_PlaneObject", "07_PlaneObject\07_PlaneObject.vcxproj", "{72D5B314-56DF-4478-B0C4-BCF3867E675E}"
EndProject
Project("{8BC9CEB8-8B4A-11D0-8D11-00A0C91BC942}") = "08_Camera", "08_Camera\08_Camera.vcxproj", "{50E048F6-C1B2-4E92-BD3C-86CB7D68AAA2}"
EndProject
Project("{8BC9CEB8-8B4A-11D0-8D11-00A0C91BC942}") = "09_Shape", "09_Shape\09_Shape.vcxproj", "{1DA85525-FCF0-4C8A-B199-2549DF8C842D}"
EndProject
Project("{8BC9CEB8-8B4A-11D0-8D11-00A0C91BC942}") = "10_Camera_2", "10_Map\10_Map.vcxproj", "{348E26D6-ADD2-4039-BE0B-41070B96B22C}"
EndProject
Project("{2150E333-8FDC-42A3-9474-1A3956D46DE8}") = "Chap.05_Camera", "Chap.05_Camera", "{78F4BE72-C6A9-4A24-970C-B7EA26ED247C}"
EndProject
Project("{8BC9CEB8-8B4A-11D0-8D11-00A0C91BC942}") = "11_Camera_3", "11_Camera_3\11_Camera_3.vcxproj", "{880AFEFE-9848-4AF4-85E2-40F90CCAF0C3}"
EndProject
Project("{8BC9CEB8-8B4A-11D0-8D11-00A0C91BC942}") = "12_Camera_4", "12_Camera_4\12_Camera_4.vcxproj", "{DF81FDA5-B289-4785-B7D1-6953B9CFDC8C}"
EndProject
Project("{8BC9CEB8-8B4A-11D0-8D11-00A0C91BC942}") = "13_Camera_5", "13_Camera_5\13_Camera_5.vcxproj", "{22C721A3-CB21-4452-B95C-66F87E94BDA9}"
EndProject
Project("{8BC9CEB8-8B4A-11D0-8D11-00A0C91BC942}") = "14_CreateFrustum", "14_CreateFrustum\14_CreateFrustum.vcxproj", "{E6C4E9DF-2C1B-4646-A901-208D6F0D7C4E}"
EndProject
Project("{2150E333-8FDC-42A3-9474-1A3956D46DE8}") = "Chap.06_Map", "Chap.06_Map", "{F1A014BC-BE55-4607-82B6-0EF81997B0BA}"
EndProject
Project("{8BC9CEB8-8B4A-11D0-8D11-00A0C91BC942}") = "15_CustomizeMap", "15_CustomizeMap\15_CustomizeMap.vcxproj", "{74218413-DA8C-418E-A244-C1B1F1ED71F7}"
EndProject
Project("{8BC9CEB8-8B4A-11D0-8D11-00A0C91BC942}") = "16_HeightMap", "16_HeightMap\16_HeightMap.vcxproj", "{666D6BA3-0383-41C2-9A65-DB849D558BFA}"
EndProject
Global
	GlobalSection(SolutionConfigurationPlatforms) = preSolution
		Debug|x64 = Debug|x64
		Debug|x86 = Debug|x86
		Release|x64 = Release|x64
		Release|x86 = Release|x86
	EndGlobalSection
	GlobalSection(ProjectConfigurationPlatforms) = postSolution
		{080D867D-4E8D-484E-9FB4-BDD5BF00E6DD}.Debug|x64.ActiveCfg = Debug|x64
		{080D867D-4E8D-484E-9FB4-BDD5BF00E6DD}.Debug|x64.Build.0 = Debug|x64
		{080D867D-4E8D-484E-9FB4-BDD5BF00E6DD}.Debug|x86.ActiveCfg = Debug|Win32
		{080D867D-4E8D-484E-9FB4-BDD5BF00E6DD}.Debug|x86.Build.0 = Debug|Win32
		{080D867D-4E8D-484E-9FB4-BDD5BF00E6DD}.Release|x64.ActiveCfg = Release|x64
		{080D867D-4E8D-484E-9FB4-BDD5BF00E6DD}.Release|x64.Build.0 = Release|x64
		{080D867D-4E8D-484E-9FB4-BDD5BF00E6DD}.Release|x86.ActiveCfg = Release|Win32
		{080D867D-4E8D-484E-9FB4-BDD5BF00E6DD}.Release|x86.Build.0 = Release|Win32
		{45A1431D-C05E-4810-B1F8-A79B5D26A3D0}.Debug|x64.ActiveCfg = Debug|x64
		{45A1431D-C05E-4810-B1F8-A79B5D26A3D0}.Debug|x64.Build.0 = Debug|x64
		{45A1431D-C05E-4810-B1F8-A79B5D26A3D0}.Debug|x86.ActiveCfg = Debug|Win32
		{45A1431D-C05E-4810-B1F8-A79B5D26A3D0}.Debug|x86.Build.0 = Debug|Win32
		{45A1431D-C05E-4810-B1F8-A79B5D26A3D0}.Release|x64.ActiveCfg = Release|x64
		{45A1431D-C05E-4810-B1F8-A79B5D26A3D0}.Release|x64.Build.0 = Release|x64
		{45A1431D-C05E-4810-B1F8-A79B5D26A3D0}.Release|x86.ActiveCfg = Release|Win32
		{45A1431D-C05E-4810-B1F8-A79B5D26A3D0}.Release|x86.Build.0 = Release|Win32
		{85E42D55-55BC-4664-BCE9-0E0EA00063B9}.Debug|x64.ActiveCfg = Debug|x64
		{85E42D55-55BC-4664-BCE9-0E0EA00063B9}.Debug|x64.Build.0 = Debug|x64
		{85E42D55-55BC-4664-BCE9-0E0EA00063B9}.Debug|x86.ActiveCfg = Debug|Win32
		{85E42D55-55BC-4664-BCE9-0E0EA00063B9}.Debug|x86.Build.0 = Debug|Win32
		{85E42D55-55BC-4664-BCE9-0E0EA00063B9}.Release|x64.ActiveCfg = Release|x64
		{85E42D55-55BC-4664-BCE9-0E0EA00063B9}.Release|x64.Build.0 = Release|x64
		{85E42D55-55BC-4664-BCE9-0E0EA00063B9}.Release|x86.ActiveCfg = Release|Win32
		{85E42D55-55BC-4664-BCE9-0E0EA00063B9}.Release|x86.Build.0 = Release|Win32
		{EDB6D879-4CD8-4F80-9578-5823AA01A056}.Debug|x64.ActiveCfg = Debug|x64
		{EDB6D879-4CD8-4F80-9578-5823AA01A056}.Debug|x64.Build.0 = Debug|x64
		{EDB6D879-4CD8-4F80-9578-5823AA01A056}.Debug|x86.ActiveCfg = Debug|Win32
		{EDB6D879-4CD8-4F80-9578-5823AA01A056}.Debug|x86.Build.0 = Debug|Win32
		{EDB6D879-4CD8-4F80-9578-5823AA01A056}.Release|x64.ActiveCfg = Release|x64
		{EDB6D879-4CD8-4F80-9578-5823AA01A056}.Release|x64.Build.0 = Release|x64
		{EDB6D879-4CD8-4F80-9578-5823AA01A056}.Release|x86.ActiveCfg = Release|Win32
		{EDB6D879-4CD8-4F80-9578-5823AA01A056}.Release|x86.Build.0 = Release|Win32
		{904CAC31-ACF5-4842-9E57-6E7782B25CDD}.Debug|x64.ActiveCfg = Debug|x64
		{904CAC31-ACF5-4842-9E57-6E7782B25CDD}.Debug|x64.Build.0 = Debug|x64
		{904CAC31-ACF5-4842-9E57-6E7782B25CDD}.Debug|x86.ActiveCfg = Debug|Win32
		{904CAC31-ACF5-4842-9E57-6E7782B25CDD}.Debug|x86.Build.0 = Debug|Win32
		{904CAC31-ACF5-4842-9E57-6E7782B25CDD}.Release|x64.ActiveCfg = Release|x64
		{904CAC31-ACF5-4842-9E57-6E7782B25CDD}.Release|x64.Build.0 = Release|x64
		{904CAC31-ACF5-4842-9E57-6E7782B25CDD}.Release|x86.ActiveCfg = Release|Win32
		{904CAC31-ACF5-4842-9E57-6E7782B25CDD}.Release|x86.Build.0 = Release|Win32
		{DC6D71F7-5DBE-4742-91D8-715A37D6A989}.Debug|x64.ActiveCfg = Debug|x64
		{DC6D71F7-5DBE-4742-91D8-715A37D6A989}.Debug|x64.Build.0 = Debug|x64
		{DC6D71F7-5DBE-4742-91D8-715A37D6A989}.Debug|x86.ActiveCfg = Debug|Win32
		{DC6D71F7-5DBE-4742-91D8-715A37D6A989}.Debug|x86.Build.0 = Debug|Win32
		{DC6D71F7-5DBE-4742-91D8-715A37D6A989}.Release|x64.ActiveCfg = Release|x64
		{DC6D71F7-5DBE-4742-91D8-715A37D6A989}.Release|x64.Build.0 = Release|x64
		{DC6D71F7-5DBE-4742-91D8-715A37D6A989}.Release|x86.ActiveCfg = Release|Win32
		{DC6D71F7-5DBE-4742-91D8-715A37D6A989}.Release|x86.Build.0 = Release|Win32
		{A59C8C54-148B-4152-91C5-6AD202EBD117}.Debug|x64.ActiveCfg = Debug|x64
		{A59C8C54-148B-4152-91C5-6AD202EBD117}.Debug|x64.Build.0 = Debug|x64
		{A59C8C54-148B-4152-91C5-6AD202EBD117}.Debug|x86.ActiveCfg = Debug|Win32
		{A59C8C54-148B-4152-91C5-6AD202EBD117}.Debug|x86.Build.0 = Debug|Win32
		{A59C8C54-148B-4152-91C5-6AD202EBD117}.Release|x64.ActiveCfg = Release|x64
		{A59C8C54-148B-4152-91C5-6AD202EBD117}.Release|x64.Build.0 = Release|x64
		{A59C8C54-148B-4152-91C5-6AD202EBD117}.Release|x86.ActiveCfg = Release|Win32
		{A59C8C54-148B-4152-91C5-6AD202EBD117}.Release|x86.Build.0 = Release|Win32
		{72D5B314-56DF-4478-B0C4-BCF3867E675E}.Debug|x64.ActiveCfg = Debug|x64
		{72D5B314-56DF-4478-B0C4-BCF3867E675E}.Debug|x64.Build.0 = Debug|x64
		{72D5B314-56DF-4478-B0C4-BCF3867E675E}.Debug|x86.ActiveCfg = Debug|Win32
		{72D5B314-56DF-4478-B0C4-BCF3867E675E}.Debug|x86.Build.0 = Debug|Win32
		{72D5B314-56DF-4478-B0C4-BCF3867E675E}.Release|x64.ActiveCfg = Release|x64
		{72D5B314-56DF-4478-B0C4-BCF3867E675E}.Release|x64.Build.0 = Release|x64
		{72D5B314-56DF-4478-B0C4-BCF3867E675E}.Release|x86.ActiveCfg = Release|Win32
		{72D5B314-56DF-4478-B0C4-BCF3867E675E}.Release|x86.Build.0 = Release|Win32
		{50E048F6-C1B2-4E92-BD3C-86CB7D68AAA2}.Debug|x64.ActiveCfg = Debug|x64
		{50E048F6-C1B2-4E92-BD3C-86CB7D68AAA2}.Debug|x64.Build.0 = Debug|x64
		{50E048F6-C1B2-4E92-BD3C-86CB7D68AAA2}.Debug|x86.ActiveCfg = Debug|Win32
		{50E048F6-C1B2-4E92-BD3C-86CB7D68AAA2}.Debug|x86.Build.0 = Debug|Win32
		{50E048F6-C1B2-4E92-BD3C-86CB7D68AAA2}.Release|x64.ActiveCfg = Release|x64
		{50E048F6-C1B2-4E92-BD3C-86CB7D68AAA2}.Release|x64.Build.0 = Release|x64
		{50E048F6-C1B2-4E92-BD3C-86CB7D68AAA2}.Release|x86.ActiveCfg = Release|Win32
		{50E048F6-C1B2-4E92-BD3C-86CB7D68AAA2}.Release|x86.Build.0 = Release|Win32
		{1DA85525-FCF0-4C8A-B199-2549DF8C842D}.Debug|x64.ActiveCfg = Debug|x64
		{1DA85525-FCF0-4C8A-B199-2549DF8C842D}.Debug|x64.Build.0 = Debug|x64
		{1DA85525-FCF0-4C8A-B199-2549DF8C842D}.Debug|x86.ActiveCfg = Debug|Win32
		{1DA85525-FCF0-4C8A-B199-2549DF8C842D}.Debug|x86.Build.0 = Debug|Win32
		{1DA85525-FCF0-4C8A-B199-2549DF8C842D}.Release|x64.ActiveCfg = Release|x64
		{1DA85525-FCF0-4C8A-B199-2549DF8C842D}.Release|x64.Build.0 = Release|x64
		{1DA85525-FCF0-4C8A-B199-2549DF8C842D}.Release|x86.ActiveCfg = Release|Win32
		{1DA85525-FCF0-4C8A-B199-2549DF8C842D}.Release|x86.Build.0 = Release|Win32
		{348E26D6-ADD2-4039-BE0B-41070B96B22C}.Debug|x64.ActiveCfg = Debug|x64
		{348E26D6-ADD2-4039-BE0B-41070B96B22C}.Debug|x64.Build.0 = Debug|x64
		{348E26D6-ADD2-4039-BE0B-41070B96B22C}.Debug|x86.ActiveCfg = Debug|Win32
		{348E26D6-ADD2-4039-BE0B-41070B96B22C}.Debug|x86.Build.0 = Debug|Win32
		{348E26D6-ADD2-4039-BE0B-41070B96B22C}.Release|x64.ActiveCfg = Release|x64
		{348E26D6-ADD2-4039-BE0B-41070B96B22C}.Release|x64.Build.0 = Release|x64
		{348E26D6-ADD2-4039-BE0B-41070B96B22C}.Release|x86.ActiveCfg = Release|Win32
		{348E26D6-ADD2-4039-BE0B-41070B96B22C}.Release|x86.Build.0 = Release|Win32
		{880AFEFE-9848-4AF4-85E2-40F90CCAF0C3}.Debug|x64.ActiveCfg = Debug|x64
		{880AFEFE-9848-4AF4-85E2-40F90CCAF0C3}.Debug|x64.Build.0 = Debug|x64
		{880AFEFE-9848-4AF4-85E2-40F90CCAF0C3}.Debug|x86.ActiveCfg = Debug|Win32
		{880AFEFE-9848-4AF4-85E2-40F90CCAF0C3}.Debug|x86.Build.0 = Debug|Win32
		{880AFEFE-9848-4AF4-85E2-40F90CCAF0C3}.Release|x64.ActiveCfg = Release|x64
		{880AFEFE-9848-4AF4-85E2-40F90CCAF0C3}.Release|x64.Build.0 = Release|x64
		{880AFEFE-9848-4AF4-85E2-40F90CCAF0C3}.Release|x86.ActiveCfg = Release|Win32
		{880AFEFE-9848-4AF4-85E2-40F90CCAF0C3}.Release|x86.Build.0 = Release|Win32
		{DF81FDA5-B289-4785-B7D1-6953B9CFDC8C}.Debug|x64.ActiveCfg = Debug|x64
		{DF81FDA5-B289-4785-B7D1-6953B9CFDC8C}.Debug|x64.Build.0 = Debug|x64
		{DF81FDA5-B289-4785-B7D1-6953B9CFDC8C}.Debug|x86.ActiveCfg = Debug|Win32
		{DF81FDA5-B289-4785-B7D1-6953B9CFDC8C}.Debug|x86.Build.0 = Debug|Win32
		{DF81FDA5-B289-4785-B7D1-6953B9CFDC8C}.Release|x64.ActiveCfg = Release|x64
		{DF81FDA5-B289-4785-B7D1-6953B9CFDC8C}.Release|x64.Build.0 = Release|x64
		{DF81FDA5-B289-4785-B7D1-6953B9CFDC8C}.Release|x86.ActiveCfg = Release|Win32
		{DF81FDA5-B289-4785-B7D1-6953B9CFDC8C}.Release|x86.Build.0 = Release|Win32
		{22C721A3-CB21-4452-B95C-66F87E94BDA9}.Debug|x64.ActiveCfg = Debug|x64
		{22C721A3-CB21-4452-B95C-66F87E94BDA9}.Debug|x64.Build.0 = Debug|x64
		{22C721A3-CB21-4452-B95C-66F87E94BDA9}.Debug|x86.ActiveCfg = Debug|Win32
		{22C721A3-CB21-4452-B95C-66F87E94BDA9}.Debug|x86.Build.0 = Debug|Win32
		{22C721A3-CB21-4452-B95C-66F87E94BDA9}.Release|x64.ActiveCfg = Release|x64
		{22C721A3-CB21-4452-B95C-66F87E94BDA9}.Release|x64.Build.0 = Release|x64
		{22C721A3-CB21-4452-B95C-66F87E94BDA9}.Release|x86.ActiveCfg = Release|Win32
		{22C721A3-CB21-4452-B95C-66F87E94BDA9}.Release|x86.Build.0 = Release|Win32
		{E6C4E9DF-2C1B-4646-A901-208D6F0D7C4E}.Debug|x64.ActiveCfg = Debug|x64
		{E6C4E9DF-2C1B-4646-A901-208D6F0D7C4E}.Debug|x64.Build.0 = Debug|x64
		{E6C4E9DF-2C1B-4646-A901-208D6F0D7C4E}.Debug|x86.ActiveCfg = Debug|Win32
		{E6C4E9DF-2C1B-4646-A901-208D6F0D7C4E}.Debug|x86.Build.0 = Debug|Win32
		{E6C4E9DF-2C1B-4646-A901-208D6F0D7C4E}.Release|x64.ActiveCfg = Release|x64
		{E6C4E9DF-2C1B-4646-A901-208D6F0D7C4E}.Release|x64.Build.0 = Release|x64
		{E6C4E9DF-2C1B-4646-A901-208D6F0D7C4E}.Release|x86.ActiveCfg = Release|Win32
		{E6C4E9DF-2C1B-4646-A901-208D6F0D7C4E}.Release|x86.Build.0 = Release|Win32
		{74218413-DA8C-418E-A244-C1B1F1ED71F7}.Debug|x64.ActiveCfg = Debug|x64
		{74218413-DA8C-418E-A244-C1B1F1ED71F7}.Debug|x64.Build.0 = Debug|x64
		{74218413-DA8C-418E-A244-C1B1F1ED71F7}.Debug|x86.ActiveCfg = Debug|Win32
		{74218413-DA8C-418E-A244-C1B1F1ED71F7}.Debug|x86.Build.0 = Debug|Win32
		{74218413-DA8C-418E-A244-C1B1F1ED71F7}.Release|x64.ActiveCfg = Release|x64
		{74218413-DA8C-418E-A244-C1B1F1ED71F7}.Release|x64.Build.0 = Release|x64
		{74218413-DA8C-418E-A244-C1B1F1ED71F7}.Release|x86.ActiveCfg = Release|Win32
		{74218413-DA8C-418E-A244-C1B1F1ED71F7}.Release|x86.Build.0 = Release|Win32
		{666D6BA3-0383-41C2-9A65-DB849D558BFA}.Debug|x64.ActiveCfg = Debug|x64
		{666D6BA3-0383-41C2-9A65-DB849D558BFA}.Debug|x64.Build.0 = Debug|x64
		{666D6BA3-0383-41C2-9A65-DB849D558BFA}.Debug|x86.ActiveCfg = Debug|Win32
		{666D6BA3-0383-41C2-9A65-DB849D558BFA}.Debug|x86.Build.0 = Debug|Win32
		{666D6BA3-0383-41C2-9A65-DB849D558BFA}.Release|x64.ActiveCfg = Release|x64
		{666D6BA3-0383-41C2-9A65-DB849D558BFA}.Release|x64.Build.0 = Release|x64
		{666D6BA3-0383-41C2-9A65-DB849D558BFA}.Release|x86.ActiveCfg = Release|Win32
		{666D6BA3-0383-41C2-9A65-DB849D558BFA}.Release|x86.Build.0 = Release|Win32
	EndGlobalSection
	GlobalSection(SolutionProperties) = preSolution
		HideSolutionNode = FALSE
	EndGlobalSection
	GlobalSection(NestedProjects) = preSolution
		{080D867D-4E8D-484E-9FB4-BDD5BF00E6DD} = {9A16CBC5-EE19-4387-9FFD-06C5B311846B}
		{45A1431D-C05E-4810-B1F8-A79B5D26A3D0} = {96F36F33-CE3E-411C-B1A8-16B582787A87}
		{85E42D55-55BC-4664-BCE9-0E0EA00063B9} = {E748BD35-5E21-48EC-9EA8-A8C027019E84}
		{EDB6D879-4CD8-4F80-9578-5823AA01A056} = {E748BD35-5E21-48EC-9EA8-A8C027019E84}
		{904CAC31-ACF5-4842-9E57-6E7782B25CDD} = {E748BD35-5E21-48EC-9EA8-A8C027019E84}
		{DC6D71F7-5DBE-4742-91D8-715A37D6A989} = {75942185-8344-4027-B685-8814758129CA}
		{A59C8C54-148B-4152-91C5-6AD202EBD117} = {5E4B6E85-2C24-4779-B43D-177F6E07D381}
		{72D5B314-56DF-4478-B0C4-BCF3867E675E} = {5E4B6E85-2C24-4779-B43D-177F6E07D381}
		{50E048F6-C1B2-4E92-BD3C-86CB7D68AAA2} = {5E4B6E85-2C24-4779-B43D-177F6E07D381}
		{1DA85525-FCF0-4C8A-B199-2549DF8C842D} = {5E4B6E85-2C24-4779-B43D-177F6E07D381}
		{348E26D6-ADD2-4039-BE0B-41070B96B22C} = {78F4BE72-C6A9-4A24-970C-B7EA26ED247C}
		{880AFEFE-9848-4AF4-85E2-40F90CCAF0C3} = {78F4BE72-C6A9-4A24-970C-B7EA26ED247C}
		{DF81FDA5-B289-4785-B7D1-6953B9CFDC8C} = {78F4BE72-C6A9-4A24-970C-B7EA26ED247C}
		{22C721A3-CB21-4452-B95C-66F87E94BDA9} = {78F4BE72-C6A9-4A24-970C-B7EA26ED247C}
		{E6C4E9DF-2C1B-4646-A901-208D6F0D7C4E} = {78F4BE72-C6A9-4A24-970C-B7EA26ED247C}
		{74218413-DA8C-418E-A244-C1B1F1ED71F7} = {F1A014BC-BE55-4607-82B6-0EF81997B0BA}
		{666D6BA3-0383-41C2-9A65-DB849D558BFA} = {F1A014BC-BE55-4607-82B6-0EF81997B0BA}
	EndGlobalSection
	GlobalSection(ExtensibilityGlobals) = postSolution
		SolutionGuid = {5997D6DC-CC20-4651-B48F-A01720716417}
	EndGlobalSection
EndGlobal
