<?xml version="1.0" encoding="utf-8"?>
<Project ToolsVersion="4.0" xmlns="http://schemas.microsoft.com/developer/msbuild/2003">
  <ItemGroup>
    <Filter Include="소스 파일">
      <UniqueIdentifier>{4FC737F1-C7A5-4376-A066-2A32D752A2FF}</UniqueIdentifier>
      <Extensions>cpp;c;cc;cxx;def;odl;idl;hpj;bat;asm;asmx</Extensions>
    </Filter>
    <Filter Include="헤더 파일">
      <UniqueIdentifier>{93995380-89BD-4b04-88EB-625FBE52EBFB}</UniqueIdentifier>
      <Extensions>h;hh;hpp;hxx;hm;inl;inc;ipp;xsd</Extensions>
    </Filter>
    <Filter Include="리소스 파일">
      <UniqueIdentifier>{67DA6AB6-F800-4c08-8B7A-83BB121AAD01}</UniqueIdentifier>
      <Extensions>rc;ico;cur;bmp;dlg;rc2;rct;bin;rgs;gif;jpg;jpeg;jpe;resx;tiff;tif;png;wav;mfcribbon-ms</Extensions>
    </Filter>
    <Filter Include="Core">
      <UniqueIdentifier>{c7202ec9-991e-4664-b985-9f643f739dc3}</UniqueIdentifier>
    </Filter>
    <Filter Include="Core\QuadTree">
      <UniqueIdentifier>{98e4289f-cee9-4099-94bc-ddac9d17af78}</UniqueIdentifier>
    </Filter>
    <Filter Include="Core\Map">
      <UniqueIdentifier>{d2a2f6a6-01ea-48ab-a988-cb4ed59db856}</UniqueIdentifier>
    </Filter>
    <Filter Include="Core\Camera">
      <UniqueIdentifier>{3d735a53-b0d7-4b28-96ca-8fa125e5194e}</UniqueIdentifier>
    </Filter>
  </ItemGroup>
  <ItemGroup>
    <ClInclude Include="Etc.02_GameTool_1.h">
      <Filter>헤더 파일</Filter>
    </ClInclude>
    <ClInclude Include="stdafx.h">
      <Filter>헤더 파일</Filter>
    </ClInclude>
    <ClInclude Include="targetver.h">
      <Filter>헤더 파일</Filter>
    </ClInclude>
    <ClInclude Include="MainFrm.h">
      <Filter>헤더 파일</Filter>
    </ClInclude>
    <ClInclude Include="Etc.02_GameTool_1Doc.h">
      <Filter>헤더 파일</Filter>
    </ClInclude>
    <ClInclude Include="Etc.02_GameTool_1View.h">
      <Filter>헤더 파일</Filter>
    </ClInclude>
    <ClInclude Include="Resource.h">
      <Filter>헤더 파일</Filter>
    </ClInclude>
    <ClInclude Include="SArcBall.h">
      <Filter>Core\Camera</Filter>
    </ClInclude>
    <ClInclude Include="SCamera.h">
      <Filter>Core\Camera</Filter>
    </ClInclude>
    <ClInclude Include="SQuadTreeMap.h">
      <Filter>Core\QuadTree</Filter>
    </ClInclude>
    <ClInclude Include="SQuadTree.h">
      <Filter>Core\QuadTree</Filter>
    </ClInclude>
    <ClInclude Include="SNode.h">
      <Filter>Core\Map</Filter>
    </ClInclude>
    <ClInclude Include="SModelViewCamera.h">
      <Filter>Core\Camera</Filter>
    </ClInclude>
    <ClInclude Include="SMiniMap.h">
      <Filter>Core\Camera</Filter>
    </ClInclude>
    <ClInclude Include="SHeightMap.h">
      <Filter>Core\Map</Filter>
    </ClInclude>
    <ClInclude Include="SMap.h">
      <Filter>Core\Map</Filter>
    </ClInclude>
    <ClInclude Include="SBaseObj.h">
      <Filter>Core</Filter>
    </ClInclude>
    <ClInclude Include="Sample.h">
      <Filter>Core</Filter>
    </ClInclude>
    <ClInclude Include="SToolForm.h">
      <Filter>Core</Filter>
    </ClInclude>
    <ClInclude Include="SToolPane.h">
      <Filter>Core</Filter>
    </ClInclude>
  </ItemGroup>
  <ItemGroup>
    <ClCompile Include="Etc.02_GameTool_1.cpp">
      <Filter>소스 파일</Filter>
    </ClCompile>
    <ClCompile Include="MainFrm.cpp">
      <Filter>소스 파일</Filter>
    </ClCompile>
    <ClCompile Include="Etc.02_GameTool_1Doc.cpp">
      <Filter>소스 파일</Filter>
    </ClCompile>
    <ClCompile Include="Etc.02_GameTool_1View.cpp">
      <Filter>소스 파일</Filter>
    </ClCompile>
    <ClCompile Include="SArcBall.cpp">
      <Filter>Core\Camera</Filter>
    </ClCompile>
    <ClCompile Include="SCamera.cpp">
      <Filter>Core\Camera</Filter>
    </ClCompile>
    <ClCompile Include="SFrustum.cpp">
      <Filter>Core\Camera</Filter>
    </ClCompile>
    <ClCompile Include="SQuadTree.cpp">
      <Filter>Core\QuadTree</Filter>
    </ClCompile>
    <ClCompile Include="SQuadTreeMap.cpp">
      <Filter>Core\QuadTree</Filter>
    </ClCompile>
    <ClCompile Include="SNode.cpp">
      <Filter>Core\Map</Filter>
    </ClCompile>
    <ClCompile Include="stdafx.cpp">
      <Filter>Core\Map</Filter>
    </ClCompile>
    <ClCompile Include="SModelViewCamera.cpp">
      <Filter>Core\Camera</Filter>
    </ClCompile>
    <ClCompile Include="SMiniMap.cpp">
      <Filter>Core\Camera</Filter>
    </ClCompile>
    <ClCompile Include="SHeightMap.cpp">
      <Filter>Core\Map</Filter>
    </ClCompile>
    <ClCompile Include="SMap.cpp">
      <Filter>Core\Map</Filter>
    </ClCompile>
    <ClCompile Include="SBaseObj.cpp">
      <Filter>Core</Filter>
    </ClCompile>
    <ClCompile Include="Sample.cpp">
      <Filter>Core</Filter>
    </ClCompile>
    <ClCompile Include="SToolForm.cpp">
      <Filter>Core</Filter>
    </ClCompile>
    <ClCompile Include="SToolPane.cpp">
      <Filter>Core</Filter>
    </ClCompile>
  </ItemGroup>
  <ItemGroup>
    <ResourceCompile Include="Etc02GameTool1.rc">
      <Filter>리소스 파일</Filter>
    </ResourceCompile>
  </ItemGroup>
  <ItemGroup>
    <Image Include="res\userimages.bmp">
      <Filter>리소스 파일</Filter>
    </Image>
    <Image Include="res\Etc.02_GameTool_1Doc.ico">
      <Filter>리소스 파일</Filter>
    </Image>
    <Image Include="res\Etc.02_GameTool_1.ico">
      <Filter>리소스 파일</Filter>
    </Image>
    <Image Include="res\Toolbar.bmp">
      <Filter>리소스 파일</Filter>
    </Image>
    <Image Include="res\Toolbar256.bmp">
      <Filter>리소스 파일</Filter>
    </Image>
  </ItemGroup>
  <ItemGroup>
    <None Include="res\Etc02GameTool1.rc2">
      <Filter>리소스 파일</Filter>
    </None>
  </ItemGroup>
</Project>