<?xml version="1.0" encoding="utf-8"?>
<Project ToolsVersion="4.0" xmlns="http://schemas.microsoft.com/developer/msbuild/2003">
  <ItemGroup>
    <ClCompile Include="Sample.cpp" />
    <ClCompile Include="SDXPlaneObject.cpp" />
    <ClCompile Include="SVector.cpp" />
    <ClCompile Include="SMatrix.cpp" />
  </ItemGroup>
  <ItemGroup>
    <ClInclude Include="Sample.h" />
    <ClInclude Include="SDXPlaneObject.h" />
    <ClInclude Include="SVector.h" />
    <ClInclude Include="SMatrix.h" />
  </ItemGroup>
  <ItemGroup>
    <Filter Include="shader">
      <UniqueIdentifier>{6572403c-c393-49f6-9aa5-6942c0dbe776}</UniqueIdentifier>
    </Filter>
  </ItemGroup>
  <ItemGroup>
    <FxCompile Include="..\..\shader\SDXPlaneObject\pixel.hlsl">
      <Filter>shader</Filter>
    </FxCompile>
    <FxCompile Include="..\..\shader\SDXPlaneObject\vertex.hlsl">
      <Filter>shader</Filter>
    </FxCompile>
  </ItemGroup>
</Project>