<?xml version="1.0" encoding="utf-8"?>
<Project ToolsVersion="4.0" xmlns="http://schemas.microsoft.com/developer/msbuild/2003">
  <ItemGroup>
    <FxCompile Include="Test.hlsl" />
  </ItemGroup>
  <ItemGroup>
    <ClCompile Include="Sample.cpp" />
    <ClCompile Include="SMesh.cpp" />
    <ClCompile Include="SParser.cpp" />
    <ClCompile Include="SModelViewCamera.cpp">
      <Filter>Camera</Filter>
    </ClCompile>
    <ClCompile Include="SFrustum.cpp">
      <Filter>Camera</Filter>
    </ClCompile>
    <ClCompile Include="SCamera.cpp">
      <Filter>Camera</Filter>
    </ClCompile>
    <ClCompile Include="SArcBall.cpp">
      <Filter>Camera</Filter>
    </ClCompile>
    <ClCompile Include="SSSFileLoader.cpp" />
    <ClCompile Include="SObject.cpp" />
  </ItemGroup>
  <ItemGroup>
    <ClInclude Include="Sample.h" />
    <ClInclude Include="SMesh.h" />
    <ClInclude Include="SParser.h" />
    <ClInclude Include="SModelViewCamera.h">
      <Filter>Camera</Filter>
    </ClInclude>
    <ClInclude Include="SFrustum.h">
      <Filter>Camera</Filter>
    </ClInclude>
    <ClInclude Include="SCamera.h">
      <Filter>Camera</Filter>
    </ClInclude>
    <ClInclude Include="SArcBall.h">
      <Filter>Camera</Filter>
    </ClInclude>
    <ClInclude Include="SSSFileLoader.h" />
    <ClInclude Include="SObject.h" />
  </ItemGroup>
  <ItemGroup>
    <Filter Include="Camera">
      <UniqueIdentifier>{7b34d6ee-02b1-4387-9e91-1eb7d2466016}</UniqueIdentifier>
    </Filter>
  </ItemGroup>
</Project>