<?xml version="1.0" encoding="utf-8"?>
<Project ToolsVersion="4.0" xmlns="http://schemas.microsoft.com/developer/msbuild/2003">
  <ItemGroup>
    <Filter Include="Header">
      <UniqueIdentifier>{690ae65b-9fed-4ec8-8496-538ab9a03013}</UniqueIdentifier>
    </Filter>
    <Filter Include="SCore">
      <UniqueIdentifier>{ef8bd5fb-0ca7-4fb2-8da3-5b9466b8c2ce}</UniqueIdentifier>
    </Filter>
    <Filter Include="SCore\Manager">
      <UniqueIdentifier>{3f22ab0d-e2ef-449c-a6d8-3326e3407ced}</UniqueIdentifier>
    </Filter>
    <Filter Include="SCore\Manager\Write">
      <UniqueIdentifier>{1af6c143-83f3-40a8-8233-35294551dd99}</UniqueIdentifier>
    </Filter>
    <Filter Include="SCore\Manager\Sound">
      <UniqueIdentifier>{fa34dd3d-81f4-42b6-b3a6-50de58ae3bf8}</UniqueIdentifier>
    </Filter>
    <Filter Include="SCore\Manager\Input">
      <UniqueIdentifier>{d7128c3e-b25a-49b3-b101-7471665887b2}</UniqueIdentifier>
    </Filter>
    <Filter Include="SCore\Manager\Timer">
      <UniqueIdentifier>{8c6590a6-3af0-4a73-baba-7584751d7e38}</UniqueIdentifier>
    </Filter>
    <Filter Include="DXGame">
      <UniqueIdentifier>{f12af06e-833d-45d0-955a-d57da4e1f0d5}</UniqueIdentifier>
    </Filter>
    <Filter Include="DXGame\Camera">
      <UniqueIdentifier>{3784e3e0-4a69-4ffe-a173-99ec5b4ea17c}</UniqueIdentifier>
    </Filter>
    <Filter Include="DXGame\DXHelper">
      <UniqueIdentifier>{19cc770b-10c5-433e-b152-e91ac1567d13}</UniqueIdentifier>
    </Filter>
    <Filter Include="DXGame\Shape">
      <UniqueIdentifier>{5acd6c32-b417-4643-8482-5352cfecb2ee}</UniqueIdentifier>
    </Filter>
    <Filter Include="DXGame\Texture">
      <UniqueIdentifier>{64c40ad8-2108-4c16-8f5e-ab787eabd432}</UniqueIdentifier>
    </Filter>
    <Filter Include="DXGame\Object">
      <UniqueIdentifier>{00b85ba3-69e3-4498-97d1-e80535b6c523}</UniqueIdentifier>
    </Filter>
  </ItemGroup>
  <ItemGroup>
    <ClInclude Include="SCore.h">
      <Filter>SCore</Filter>
    </ClInclude>
    <ClInclude Include="SDevice.h">
      <Filter>SCore</Filter>
    </ClInclude>
    <ClInclude Include="Swindow.h">
      <Filter>SCore</Filter>
    </ClInclude>
    <ClInclude Include="SInputManager.h">
      <Filter>SCore\Manager\Input</Filter>
    </ClInclude>
    <ClInclude Include="SKeyInput.h">
      <Filter>SCore\Manager\Input</Filter>
    </ClInclude>
    <ClInclude Include="SMouseInput.h">
      <Filter>SCore\Manager\Input</Filter>
    </ClInclude>
    <ClInclude Include="SStickInput.h">
      <Filter>SCore\Manager\Input</Filter>
    </ClInclude>
    <ClInclude Include="SDirectWrite.h">
      <Filter>SCore\Manager\Write</Filter>
    </ClInclude>
    <ClInclude Include="SSoundManager.h">
      <Filter>SCore\Manager\Sound</Filter>
    </ClInclude>
    <ClInclude Include="SSound.h">
      <Filter>SCore\Manager\Sound</Filter>
    </ClInclude>
    <ClInclude Include="STimer.h">
      <Filter>SCore\Manager\Timer</Filter>
    </ClInclude>
    <ClInclude Include="SUtils.h">
      <Filter>Header</Filter>
    </ClInclude>
    <ClInclude Include="SDxBasic.h">
      <Filter>Header</Filter>
    </ClInclude>
    <ClInclude Include="STemplate.h">
      <Filter>Header</Filter>
    </ClInclude>
    <ClInclude Include="S3DGameLib.h">
      <Filter>Header</Filter>
    </ClInclude>
    <ClInclude Include="SObjStd.h" />
    <ClInclude Include="SDXState.h">
      <Filter>DXGame\DXHelper</Filter>
    </ClInclude>
    <ClInclude Include="SDXShape.h">
      <Filter>DXGame\Shape</Filter>
    </ClInclude>
    <ClInclude Include="SDxHelperEX.h">
      <Filter>DXGame\DXHelper</Filter>
    </ClInclude>
    <ClInclude Include="STextureManager.h">
      <Filter>DXGame\Texture</Filter>
    </ClInclude>
    <ClInclude Include="STexture.h">
      <Filter>DXGame\Texture</Filter>
    </ClInclude>
    <ClInclude Include="SModel.h">
      <Filter>DXGame\Object</Filter>
    </ClInclude>
    <ClInclude Include="SDxRT.h">
      <Filter>DXGame\DXHelper</Filter>
    </ClInclude>
  </ItemGroup>
  <ItemGroup>
    <ClCompile Include="SCore.cpp">
      <Filter>SCore</Filter>
    </ClCompile>
    <ClCompile Include="SDevice.cpp">
      <Filter>SCore</Filter>
    </ClCompile>
    <ClCompile Include="Swindow.cpp">
      <Filter>SCore</Filter>
    </ClCompile>
    <ClCompile Include="SInputManager.cpp">
      <Filter>SCore\Manager\Input</Filter>
    </ClCompile>
    <ClCompile Include="SKeyInput.cpp">
      <Filter>SCore\Manager\Input</Filter>
    </ClCompile>
    <ClCompile Include="SMouseInput.cpp">
      <Filter>SCore\Manager\Input</Filter>
    </ClCompile>
    <ClCompile Include="SStickInput.cpp">
      <Filter>SCore\Manager\Input</Filter>
    </ClCompile>
    <ClCompile Include="SDirectWrite.cpp">
      <Filter>SCore\Manager\Write</Filter>
    </ClCompile>
    <ClCompile Include="SSoundManager.cpp">
      <Filter>SCore\Manager\Sound</Filter>
    </ClCompile>
    <ClCompile Include="SSound.cpp">
      <Filter>SCore\Manager\Sound</Filter>
    </ClCompile>
    <ClCompile Include="STimer.cpp">
      <Filter>SCore\Manager\Timer</Filter>
    </ClCompile>
    <ClCompile Include="SDXState.cpp">
      <Filter>DXGame\DXHelper</Filter>
    </ClCompile>
    <ClCompile Include="SDXShape.cpp">
      <Filter>DXGame\Shape</Filter>
    </ClCompile>
    <ClCompile Include="SDxHelperEX.cpp">
      <Filter>DXGame\DXHelper</Filter>
    </ClCompile>
    <ClCompile Include="STexture.cpp">
      <Filter>DXGame\Texture</Filter>
    </ClCompile>
    <ClCompile Include="STextureManager.cpp">
      <Filter>DXGame\Texture</Filter>
    </ClCompile>
    <ClCompile Include="SModel.cpp">
      <Filter>DXGame\Object</Filter>
    </ClCompile>
    <ClCompile Include="SDxRT.cpp">
      <Filter>DXGame\DXHelper</Filter>
    </ClCompile>
  </ItemGroup>
</Project>