<?xml version="1.0" encoding="utf-8"?>
<Project ToolsVersion="4.0" xmlns="http://schemas.microsoft.com/developer/msbuild/2003">
  <ItemGroup>
    <FxCompile Include="Test.hlsl" />
  </ItemGroup>
  <ItemGroup>
    <ClCompile Include="Sample.cpp" />
    <ClCompile Include="SMesh.cpp" />
    <ClCompile Include="SArcBall.cpp">
      <Filter>Camera</Filter>
    </ClCompile>
    <ClCompile Include="SCamera.cpp">
      <Filter>Camera</Filter>
    </ClCompile>
    <ClCompile Include="SFrustum.cpp">
      <Filter>Camera</Filter>
    </ClCompile>
    <ClCompile Include="SModelViewCamera.cpp">
      <Filter>Camera</Filter>
    </ClCompile>
  </ItemGroup>
  <ItemGroup>
    <ClInclude Include="Sample.h" />
    <ClInclude Include="SMesh.h" />
    <ClInclude Include="SArcBall.h">
      <Filter>Camera</Filter>
    </ClInclude>
    <ClInclude Include="SCamera.h">
      <Filter>Camera</Filter>
    </ClInclude>
    <ClInclude Include="SFrustum.h">
      <Filter>Camera</Filter>
    </ClInclude>
    <ClInclude Include="SModelViewCamera.h">
      <Filter>Camera</Filter>
    </ClInclude>
  </ItemGroup>
  <ItemGroup>
    <Filter Include="Camera">
      <UniqueIdentifier>{234e0e8c-4816-444f-aa18-9f7ebaf825f9}</UniqueIdentifier>
    </Filter>
  </ItemGroup>
</Project>