<?xml version="1.0" encoding="utf-8"?>
<Project ToolsVersion="4.0" xmlns="http://schemas.microsoft.com/developer/msbuild/2003">
  <ItemGroup>
    <Filter Include="리소스 파일">
      <UniqueIdentifier>{67DA6AB6-F800-4c08-8B7A-83BB121AAD01}</UniqueIdentifier>
      <Extensions>rc;ico;cur;bmp;dlg;rc2;rct;bin;rgs;gif;jpg;jpeg;jpe;resx;tiff;tif;png;wav;mfcribbon-ms</Extensions>
    </Filter>
    <Filter Include="Camera">
      <UniqueIdentifier>{ccbb9ceb-f22b-4393-b84b-02ec88787d67}</UniqueIdentifier>
    </Filter>
  </ItemGroup>
  <ItemGroup>
    <ClCompile Include="Sample.cpp" />
    <ClCompile Include="SArcBall.cpp">
      <Filter>Camera</Filter>
    </ClCompile>
    <ClCompile Include="SCamera.cpp">
      <Filter>Camera</Filter>
    </ClCompile>
    <ClCompile Include="SFrustum.cpp">
      <Filter>Camera</Filter>
    </ClCompile>
    <ClCompile Include="SModelViewCamera.cpp">
      <Filter>Camera</Filter>
    </ClCompile>
    <ClCompile Include="SMesh.cpp" />
  </ItemGroup>
  <ItemGroup>
    <ClInclude Include="Sample.h" />
    <ClInclude Include="SArcBall.h">
      <Filter>Camera</Filter>
    </ClInclude>
    <ClInclude Include="SCamera.h">
      <Filter>Camera</Filter>
    </ClInclude>
    <ClInclude Include="SFrustum.h">
      <Filter>Camera</Filter>
    </ClInclude>
    <ClInclude Include="SModelViewCamera.h">
      <Filter>Camera</Filter>
    </ClInclude>
    <ClInclude Include="SMesh.h" />
  </ItemGroup>
  <ItemGroup>
    <FxCompile Include="Test.hlsl" />
  </ItemGroup>
</Project>