<?xml version="1.0" encoding="utf-8"?>
<Project ToolsVersion="4.0" xmlns="http://schemas.microsoft.com/developer/msbuild/2003">
  <ItemGroup>
    <Filter Include="리소스 파일">
      <UniqueIdentifier>{67DA6AB6-F800-4c08-8B7A-83BB121AAD01}</UniqueIdentifier>
      <Extensions>rc;ico;cur;bmp;dlg;rc2;rct;bin;rgs;gif;jpg;jpeg;jpe;resx;tiff;tif;png;wav;mfcribbon-ms</Extensions>
    </Filter>
    <Filter Include="Camera">
      <UniqueIdentifier>{39f87c42-52ab-4b82-ae0e-4e0b74509ec8}</UniqueIdentifier>
    </Filter>
    <Filter Include="FileLoader">
      <UniqueIdentifier>{e3543922-64c9-4872-91ea-324d4904822f}</UniqueIdentifier>
    </Filter>
    <Filter Include="ObjectAnimation">
      <UniqueIdentifier>{f1f2d3e1-b577-471e-a566-c951157cb34e}</UniqueIdentifier>
    </Filter>
    <Filter Include="SSkinObject">
      <UniqueIdentifier>{899aae6b-04d0-40e1-849a-6e8f9e841eb4}</UniqueIdentifier>
    </Filter>
    <Filter Include="SMaxtrixObject">
      <UniqueIdentifier>{c8dcb9b4-d1fd-4589-b6f6-a9d99ff6389e}</UniqueIdentifier>
    </Filter>
    <Filter Include="SCAObject">
      <UniqueIdentifier>{9a286f19-b030-4edb-9a97-7213a6772e61}</UniqueIdentifier>
    </Filter>
    <Filter Include="SAObject">
      <UniqueIdentifier>{e1958e18-e06b-4661-b312-8b0bbf891cff}</UniqueIdentifier>
    </Filter>
  </ItemGroup>
  <ItemGroup>
    <FxCompile Include="Test.hlsl" />
    <FxCompile Include="Debug.hlsl" />
  </ItemGroup>
  <ItemGroup>
    <ClCompile Include="Sample.cpp" />
    <ClCompile Include="SMaterial.cpp" />
    <ClCompile Include="SModelViewCamera.cpp" />
    <ClCompile Include="SParser.cpp" />
    <ClCompile Include="SArcBall.cpp">
      <Filter>Camera</Filter>
    </ClCompile>
    <ClCompile Include="SCamera.cpp">
      <Filter>Camera</Filter>
    </ClCompile>
    <ClCompile Include="SFrustum.cpp">
      <Filter>Camera</Filter>
    </ClCompile>
    <ClCompile Include="SSSFileLoader.cpp">
      <Filter>FileLoader</Filter>
    </ClCompile>
    <ClCompile Include="SDrawObject.cpp">
      <Filter>ObjectAnimation</Filter>
    </ClCompile>
    <ClCompile Include="SMesh.cpp">
      <Filter>ObjectAnimation</Filter>
    </ClCompile>
    <ClCompile Include="SSkinObject.cpp">
      <Filter>SSkinObject</Filter>
    </ClCompile>
    <ClCompile Include="SSkinMesh.cpp">
      <Filter>SSkinObject</Filter>
    </ClCompile>
    <ClCompile Include="SkinFileLoader.cpp">
      <Filter>FileLoader</Filter>
    </ClCompile>
    <ClCompile Include="SMatrixFileLoader.cpp">
      <Filter>FileLoader</Filter>
    </ClCompile>
    <ClCompile Include="SMatrixObject.cpp">
      <Filter>SMaxtrixObject</Filter>
    </ClCompile>
    <ClCompile Include="SMatrixMesh.cpp">
      <Filter>SMaxtrixObject</Filter>
    </ClCompile>
    <ClCompile Include="SCAObject.cpp">
      <Filter>SCAObject</Filter>
    </ClCompile>
    <ClCompile Include="SAObject.cpp">
      <Filter>SAObject</Filter>
    </ClCompile>
  </ItemGroup>
  <ItemGroup>
    <ClInclude Include="Sample.h" />
    <ClInclude Include="SMaterial.h" />
    <ClInclude Include="SModelViewCamera.h" />
    <ClInclude Include="SParser.h" />
    <ClInclude Include="SArcBall.h">
      <Filter>Camera</Filter>
    </ClInclude>
    <ClInclude Include="SCamera.h">
      <Filter>Camera</Filter>
    </ClInclude>
    <ClInclude Include="SFrustum.h">
      <Filter>Camera</Filter>
    </ClInclude>
    <ClInclude Include="SSSFileLoader.h">
      <Filter>FileLoader</Filter>
    </ClInclude>
    <ClInclude Include="SDrawObject.h">
      <Filter>ObjectAnimation</Filter>
    </ClInclude>
    <ClInclude Include="SMesh.h">
      <Filter>ObjectAnimation</Filter>
    </ClInclude>
    <ClInclude Include="SSkinObject.h">
      <Filter>SSkinObject</Filter>
    </ClInclude>
    <ClInclude Include="SSkinMesh.h">
      <Filter>SSkinObject</Filter>
    </ClInclude>
    <ClInclude Include="SCAHeader.h" />
    <ClInclude Include="SkinFileLoader.h">
      <Filter>FileLoader</Filter>
    </ClInclude>
    <ClInclude Include="SMatrixFileLoader.h">
      <Filter>FileLoader</Filter>
    </ClInclude>
    <ClInclude Include="SMatrixObject.h">
      <Filter>SMaxtrixObject</Filter>
    </ClInclude>
    <ClInclude Include="SMatrixMesh.h">
      <Filter>SMaxtrixObject</Filter>
    </ClInclude>
    <ClInclude Include="SCAObject.h">
      <Filter>SCAObject</Filter>
    </ClInclude>
    <ClInclude Include="resource.h" />
    <ClInclude Include="SAObject.h">
      <Filter>SAObject</Filter>
    </ClInclude>
  </ItemGroup>
  <ItemGroup>
    <ResourceCompile Include="32_SCAExporter_Test_0.rc">
      <Filter>리소스 파일</Filter>
    </ResourceCompile>
  </ItemGroup>
</Project>