<?xml version="1.0" encoding="utf-8"?>
<Project ToolsVersion="4.0" xmlns="http://schemas.microsoft.com/developer/msbuild/2003">
  <ItemGroup>
    <Filter Include="리소스 파일">
      <UniqueIdentifier>{67DA6AB6-F800-4c08-8B7A-83BB121AAD01}</UniqueIdentifier>
      <Extensions>rc;ico;cur;bmp;dlg;rc2;rct;bin;rgs;gif;jpg;jpeg;jpe;resx;tiff;tif;png;wav;mfcribbon-ms</Extensions>
    </Filter>
    <Filter Include="SCore">
      <UniqueIdentifier>{d363e9b6-8452-4da5-b5e9-3360fbdcb22e}</UniqueIdentifier>
    </Filter>
    <Filter Include="Manager">
      <UniqueIdentifier>{0538f3f2-2631-444e-beca-43cda4365369}</UniqueIdentifier>
    </Filter>
    <Filter Include="Manager\Input">
      <UniqueIdentifier>{73c811d9-925e-4294-8904-765dc512d816}</UniqueIdentifier>
    </Filter>
    <Filter Include="Manager\Sound">
      <UniqueIdentifier>{8e8525a5-a6ca-444d-aa06-d17557bdee4a}</UniqueIdentifier>
    </Filter>
    <Filter Include="Manager\Write">
      <UniqueIdentifier>{36b2bdb5-e232-46e3-b726-8274b992a3d8}</UniqueIdentifier>
    </Filter>
    <Filter Include="Manager\Timer">
      <UniqueIdentifier>{bf821278-6d67-41a5-975f-22722e881292}</UniqueIdentifier>
    </Filter>
    <Filter Include="Header">
      <UniqueIdentifier>{93995380-89BD-4b04-88EB-625FBE52EBFB}</UniqueIdentifier>
      <Extensions>h;hh;hpp;hxx;hm;inl;inc;ipp;xsd</Extensions>
    </Filter>
  </ItemGroup>
  <ItemGroup>
    <ClInclude Include="S2DGameLib.h">
      <Filter>Header</Filter>
    </ClInclude>
    <ClInclude Include="SDxBasic.h">
      <Filter>Header</Filter>
    </ClInclude>
    <ClInclude Include="STemplate.h">
      <Filter>Header</Filter>
    </ClInclude>
    <ClInclude Include="SUtils.h">
      <Filter>Header</Filter>
    </ClInclude>
    <ClInclude Include="SCore.h">
      <Filter>SCore</Filter>
    </ClInclude>
    <ClInclude Include="SDevice.h">
      <Filter>SCore</Filter>
    </ClInclude>
    <ClInclude Include="Swindow.h">
      <Filter>SCore</Filter>
    </ClInclude>
    <ClInclude Include="SStickInput.h">
      <Filter>Manager\Input</Filter>
    </ClInclude>
    <ClInclude Include="SInputManager.h">
      <Filter>Manager\Input</Filter>
    </ClInclude>
    <ClInclude Include="SMouseInput.h">
      <Filter>Manager\Input</Filter>
    </ClInclude>
    <ClInclude Include="SKeyInput.h">
      <Filter>Manager\Input</Filter>
    </ClInclude>
    <ClInclude Include="SSoundManager.h">
      <Filter>Manager\Sound</Filter>
    </ClInclude>
    <ClInclude Include="SSound.h">
      <Filter>Manager\Sound</Filter>
    </ClInclude>
    <ClInclude Include="STimer.h">
      <Filter>Manager\Timer</Filter>
    </ClInclude>
    <ClInclude Include="SDirectWrite.h">
      <Filter>Manager\Write</Filter>
    </ClInclude>
  </ItemGroup>
  <ItemGroup>
    <ClCompile Include="SCore.cpp">
      <Filter>SCore</Filter>
    </ClCompile>
    <ClCompile Include="SDevice.cpp">
      <Filter>SCore</Filter>
    </ClCompile>
    <ClCompile Include="Swindow.cpp">
      <Filter>SCore</Filter>
    </ClCompile>
    <ClCompile Include="SStickInput.cpp">
      <Filter>Manager\Input</Filter>
    </ClCompile>
    <ClCompile Include="SMouseInput.cpp">
      <Filter>Manager\Input</Filter>
    </ClCompile>
    <ClCompile Include="SKeyInput.cpp">
      <Filter>Manager\Input</Filter>
    </ClCompile>
    <ClCompile Include="SInputManager.cpp">
      <Filter>Manager\Input</Filter>
    </ClCompile>
    <ClCompile Include="SSoundManager.cpp">
      <Filter>Manager\Sound</Filter>
    </ClCompile>
    <ClCompile Include="SSound.cpp">
      <Filter>Manager\Sound</Filter>
    </ClCompile>
    <ClCompile Include="STimer.cpp">
      <Filter>Manager\Timer</Filter>
    </ClCompile>
    <ClCompile Include="SDirectWrite.cpp">
      <Filter>Manager\Write</Filter>
    </ClCompile>
  </ItemGroup>
</Project>