<?xml version="1.0" encoding="utf-8"?>
<Project ToolsVersion="4.0" xmlns="http://schemas.microsoft.com/developer/msbuild/2003">
  <ItemGroup>
    <ClInclude Include="resource.h" />
    <ClInclude Include="Sample.h" />
    <ClInclude Include="SParser.h" />
    <ClInclude Include="SArcBall.h">
      <Filter>Camera</Filter>
    </ClInclude>
    <ClInclude Include="SCamera.h">
      <Filter>Camera</Filter>
    </ClInclude>
    <ClInclude Include="SFrustum.h">
      <Filter>Camera</Filter>
    </ClInclude>
    <ClInclude Include="SModelViewCamera.h">
      <Filter>Camera</Filter>
    </ClInclude>
    <ClInclude Include="SAObject.h">
      <Filter>SAObject</Filter>
    </ClInclude>
    <ClInclude Include="SDrawObject.h">
      <Filter>SAObject</Filter>
    </ClInclude>
    <ClInclude Include="SMaterial.h">
      <Filter>SAObject</Filter>
    </ClInclude>
    <ClInclude Include="SSSFileLoader.h">
      <Filter>SAObject</Filter>
    </ClInclude>
    <ClInclude Include="SCAHeader.h">
      <Filter>SCAObject</Filter>
    </ClInclude>
    <ClInclude Include="SCAObject.h">
      <Filter>SCAObject</Filter>
    </ClInclude>
    <ClInclude Include="SkinFileLoader.h">
      <Filter>SCAObject</Filter>
    </ClInclude>
    <ClInclude Include="SMatrixFileLoader.h">
      <Filter>SCAObject</Filter>
    </ClInclude>
    <ClInclude Include="SMatrixMesh.h">
      <Filter>SCAObject</Filter>
    </ClInclude>
    <ClInclude Include="SMatrixObject.h">
      <Filter>SCAObject</Filter>
    </ClInclude>
    <ClInclude Include="SSkinObject.h">
      <Filter>SCAObject</Filter>
    </ClInclude>
    <ClInclude Include="SSkinMesh.h">
      <Filter>SCAObject</Filter>
    </ClInclude>
    <ClInclude Include="SMesh.h">
      <Filter>SAObject</Filter>
    </ClInclude>
  </ItemGroup>
  <ItemGroup>
    <FxCompile Include="Debug.hlsl" />
    <FxCompile Include="Character.hlsl" />
    <FxCompile Include="CSMatrixCalculation.hlsl" />
  </ItemGroup>
  <ItemGroup>
    <ClCompile Include="Sample.cpp" />
    <ClCompile Include="SParser.cpp" />
    <ClCompile Include="SArcBall.cpp">
      <Filter>Camera</Filter>
    </ClCompile>
    <ClCompile Include="SCamera.cpp">
      <Filter>Camera</Filter>
    </ClCompile>
    <ClCompile Include="SFrustum.cpp">
      <Filter>Camera</Filter>
    </ClCompile>
    <ClCompile Include="SModelViewCamera.cpp">
      <Filter>Camera</Filter>
    </ClCompile>
    <ClCompile Include="SAObject.cpp">
      <Filter>SAObject</Filter>
    </ClCompile>
    <ClCompile Include="SDrawObject.cpp">
      <Filter>SAObject</Filter>
    </ClCompile>
    <ClCompile Include="SMaterial.cpp">
      <Filter>SAObject</Filter>
    </ClCompile>
    <ClCompile Include="SSSFileLoader.cpp">
      <Filter>SAObject</Filter>
    </ClCompile>
    <ClCompile Include="SCAObject.cpp">
      <Filter>SCAObject</Filter>
    </ClCompile>
    <ClCompile Include="SkinFileLoader.cpp">
      <Filter>SCAObject</Filter>
    </ClCompile>
    <ClCompile Include="SMatrixFileLoader.cpp">
      <Filter>SCAObject</Filter>
    </ClCompile>
    <ClCompile Include="SMatrixMesh.cpp">
      <Filter>SCAObject</Filter>
    </ClCompile>
    <ClCompile Include="SMatrixObject.cpp">
      <Filter>SCAObject</Filter>
    </ClCompile>
    <ClCompile Include="SSkinMesh.cpp">
      <Filter>SCAObject</Filter>
    </ClCompile>
    <ClCompile Include="SSkinObject.cpp">
      <Filter>SCAObject</Filter>
    </ClCompile>
    <ClCompile Include="SMesh.cpp">
      <Filter>SAObject</Filter>
    </ClCompile>
  </ItemGroup>
  <ItemGroup>
    <Filter Include="Camera">
      <UniqueIdentifier>{4f253241-6123-4bb2-a91d-e71813207a97}</UniqueIdentifier>
    </Filter>
    <Filter Include="SCAObject">
      <UniqueIdentifier>{ee093fa5-202a-44ff-891d-fb7a167ac2b6}</UniqueIdentifier>
    </Filter>
    <Filter Include="SAObject">
      <UniqueIdentifier>{acc1a087-1ed5-41bc-951e-fb6dcc868e4f}</UniqueIdentifier>
    </Filter>
  </ItemGroup>
  <ItemGroup>
    <None Include="CharacterViewer.cd" />
  </ItemGroup>
</Project>